// !$*UTF8*$!
{
	archiveVersion = 1;
	classes = {
	};
	objectVersion = 53;
	objects = {

/* Begin PBXBuildFile section */
		9E9A17462817F5D7007A6D81 /* UIRect.hpp in Headers */ = {isa = PBXBuildFile; fileRef = 9E9A16F32817F5D6007A6D81 /* UIRect.hpp */; };
		9E9A17482817F5D7007A6D81 /* Factory.hpp in Headers */ = {isa = PBXBuildFile; fileRef = 9E9A16F52817F5D6007A6D81 /* Factory.hpp */; };
		9E9A17492817F5D7007A6D81 /* UISlider.hpp in Headers */ = {isa = PBXBuildFile; fileRef = 9E9A16F62817F5D6007A6D81 /* UISlider.hpp */; };
		9E9A174A2817F5D7007A6D81 /* UIToggleButton.hpp in Headers */ = {isa = PBXBuildFile; fileRef = 9E9A16F72817F5D6007A6D81 /* UIToggleButton.hpp */; };
		9E9A174B2817F5D7007A6D81 /* CommandLine.hpp in Headers */ = {isa = PBXBuildFile; fileRef = 9E9A16F82817F5D6007A6D81 /* CommandLine.hpp */; };
		9E9A174C2817F5D7007A6D81 /* UIImageView.hpp in Headers */ = {isa = PBXBuildFile; fileRef = 9E9A16F92817F5D6007A6D81 /* UIImageView.hpp */; };
		9E9A174D2817F5D7007A6D81 /* DynamicColor.hpp in Headers */ = {isa = PBXBuildFile; fileRef = 9E9A16FA2817F5D6007A6D81 /* DynamicColor.hpp */; };
		9E9A174E2817F5D7007A6D81 /* PixelUnit.hpp in Headers */ = {isa = PBXBuildFile; fileRef = 9E9A16FB2817F5D6007A6D81 /* PixelUnit.hpp */; };
		9E9A174F2817F5D7007A6D81 /* Aoba.hpp in Headers */ = {isa = PBXBuildFile; fileRef = 9E9A16FC2817F5D6007A6D81 /* Aoba.hpp */; };
		9E9A17502817F5D7007A6D81 /* InputEvent.hpp in Headers */ = {isa = PBXBuildFile; fileRef = 9E9A16FD2817F5D6007A6D81 /* InputEvent.hpp */; };
		9E9A17512817F5D7007A6D81 /* ColorTheme.hpp in Headers */ = {isa = PBXBuildFile; fileRef = 9E9A16FE2817F5D6007A6D81 /* ColorTheme.hpp */; };
		9E9A17522817F5D7007A6D81 /* UIIcon.hpp in Headers */ = {isa = PBXBuildFile; fileRef = 9E9A16FF2817F5D6007A6D81 /* UIIcon.hpp */; };
		9E9A17532817F5D7007A6D81 /* UIInputField.hpp in Headers */ = {isa = PBXBuildFile; fileRef = 9E9A17002817F5D6007A6D81 /* UIInputField.hpp */; };
		9E9A17542817F5D7007A6D81 /* UIComponent.hpp in Headers */ = {isa = PBXBuildFile; fileRef = 9E9A17012817F5D6007A6D81 /* UIComponent.hpp */; };
		9E9A17552817F5D7007A6D81 /* UICircle.hpp in Headers */ = {isa = PBXBuildFile; fileRef = 9E9A17022817F5D6007A6D81 /* UICircle.hpp */; };
		9E9A17562817F5D7007A6D81 /* UICheckBox.hpp in Headers */ = {isa = PBXBuildFile; fileRef = 9E9A17032817F5D6007A6D81 /* UICheckBox.hpp */; };
		9E9A17572817F5D7007A6D81 /* Constraint.hpp in Headers */ = {isa = PBXBuildFile; fileRef = 9E9A17042817F5D6007A6D81 /* Constraint.hpp */; };
		9E9A17582817F5D7007A6D81 /* UIVStackView.hpp in Headers */ = {isa = PBXBuildFile; fileRef = 9E9A17052817F5D6007A6D81 /* UIVStackView.hpp */; };
		9E9A17592817F5D7007A6D81 /* UIText.hpp in Headers */ = {isa = PBXBuildFile; fileRef = 9E9A17062817F5D6007A6D81 /* UIText.hpp */; };
		9E9A175A2817F5D7007A6D81 /* Layer.hpp in Headers */ = {isa = PBXBuildFile; fileRef = 9E9A17072817F5D6007A6D81 /* Layer.hpp */; };
		9E9A175B2817F5D7007A6D81 /* UITabView.hpp in Headers */ = {isa = PBXBuildFile; fileRef = 9E9A17082817F5D6007A6D81 /* UITabView.hpp */; };
		9E9A175C2817F5D7007A6D81 /* MouseEvent.hpp in Headers */ = {isa = PBXBuildFile; fileRef = 9E9A17092817F5D6007A6D81 /* MouseEvent.hpp */; };
		9E9A175D2817F5D7007A6D81 /* Page.hpp in Headers */ = {isa = PBXBuildFile; fileRef = 9E9A170A2817F5D6007A6D81 /* Page.hpp */; };
		9E9A175E2817F5D7007A6D81 /* UIView.hpp in Headers */ = {isa = PBXBuildFile; fileRef = 9E9A170B2817F5D6007A6D81 /* UIView.hpp */; };
		9E9A175F2817F5D7007A6D81 /* UnifiedFont.hpp in Headers */ = {isa = PBXBuildFile; fileRef = 9E9A170C2817F5D6007A6D81 /* UnifiedFont.hpp */; };
		9E9A17602817F5D7007A6D81 /* InputEventHandler.hpp in Headers */ = {isa = PBXBuildFile; fileRef = 9E9A170D2817F5D6007A6D81 /* InputEventHandler.hpp */; };
		9E9A17612817F5D7007A6D81 /* UIButton.hpp in Headers */ = {isa = PBXBuildFile; fileRef = 9E9A170E2817F5D6007A6D81 /* UIButton.hpp */; };
		9E9A17622817F5D7007A6D81 /* Core.hpp in Headers */ = {isa = PBXBuildFile; fileRef = 9E9A170F2817F5D6007A6D81 /* Core.hpp */; };
		9E9A17632817F5D7007A6D81 /* KeyboardOperation.hpp in Headers */ = {isa = PBXBuildFile; fileRef = 9E9A17102817F5D6007A6D81 /* KeyboardOperation.hpp */; };
		9EE0E8BD289918F7003967D6 /* Page.cpp in Sources */ = {isa = PBXBuildFile; fileRef = 9EE0E877289918F7003967D6 /* Page.cpp */; };
		9EE0E8BE289918F7003967D6 /* Tooltip.hpp in Headers */ = {isa = PBXBuildFile; fileRef = 9EE0E879289918F7003967D6 /* Tooltip.hpp */; };
		9EE0E8BF289918F7003967D6 /* Tooltip.cpp in Sources */ = {isa = PBXBuildFile; fileRef = 9EE0E87A289918F7003967D6 /* Tooltip.cpp */; };
		9EE0E8C0289918F7003967D6 /* PageManager.cpp in Sources */ = {isa = PBXBuildFile; fileRef = 9EE0E87C289918F7003967D6 /* PageManager.cpp */; };
		9EE0E8C1289918F7003967D6 /* Core.cpp in Sources */ = {isa = PBXBuildFile; fileRef = 9EE0E87D289918F7003967D6 /* Core.cpp */; };
		9EE0E8C2289918F7003967D6 /* CoreLifeCycle.cpp in Sources */ = {isa = PBXBuildFile; fileRef = 9EE0E87E289918F7003967D6 /* CoreLifeCycle.cpp */; };
		9EE0E8C3289918F7003967D6 /* PageCycle.cpp in Sources */ = {isa = PBXBuildFile; fileRef = 9EE0E87F289918F7003967D6 /* PageCycle.cpp */; };
		9EE0E8C4289918F7003967D6 /* TaskRunner.hpp in Headers */ = {isa = PBXBuildFile; fileRef = 9EE0E880289918F7003967D6 /* TaskRunner.hpp */; };
		9EE0E8C5289918F7003967D6 /* WindowManager.hpp in Headers */ = {isa = PBXBuildFile; fileRef = 9EE0E881289918F7003967D6 /* WindowManager.hpp */; };
		9EE0E8C6289918F7003967D6 /* TaskRunner.cpp in Sources */ = {isa = PBXBuildFile; fileRef = 9EE0E882289918F7003967D6 /* TaskRunner.cpp */; };
		9EE0E8C7289918F7003967D6 /* WindowManager.cpp in Sources */ = {isa = PBXBuildFile; fileRef = 9EE0E883289918F7003967D6 /* WindowManager.cpp */; };
		9EE0E8C8289918F7003967D6 /* PageManager.hpp in Headers */ = {isa = PBXBuildFile; fileRef = 9EE0E884289918F7003967D6 /* PageManager.hpp */; };
		9EE0E8C9289918F7003967D6 /* AsyncTaskManager.cpp in Sources */ = {isa = PBXBuildFile; fileRef = 9EE0E886289918F7003967D6 /* AsyncTaskManager.cpp */; };
		9EE0E8CA289918F7003967D6 /* Timeout.hpp in Headers */ = {isa = PBXBuildFile; fileRef = 9EE0E887289918F7003967D6 /* Timeout.hpp */; };
		9EE0E8CB289918F7003967D6 /* TimeoutTaskManager.hpp in Headers */ = {isa = PBXBuildFile; fileRef = 9EE0E888289918F7003967D6 /* TimeoutTaskManager.hpp */; };
		9EE0E8CC289918F7003967D6 /* SyncTaskManager.cpp in Sources */ = {isa = PBXBuildFile; fileRef = 9EE0E889289918F7003967D6 /* SyncTaskManager.cpp */; };
		9EE0E8CD289918F7003967D6 /* TimeoutTaskManager.cpp in Sources */ = {isa = PBXBuildFile; fileRef = 9EE0E88A289918F7003967D6 /* TimeoutTaskManager.cpp */; };
		9EE0E8CE289918F7003967D6 /* SyncTaskManager.hpp in Headers */ = {isa = PBXBuildFile; fileRef = 9EE0E88B289918F7003967D6 /* SyncTaskManager.hpp */; };
		9EE0E8CF289918F7003967D6 /* AsyncTaskManager.hpp in Headers */ = {isa = PBXBuildFile; fileRef = 9EE0E88C289918F7003967D6 /* AsyncTaskManager.hpp */; };
		9EE0E8D0289918F7003967D6 /* Timeout.cpp in Sources */ = {isa = PBXBuildFile; fileRef = 9EE0E88D289918F7003967D6 /* Timeout.cpp */; };
		9EE0E8D1289918F7003967D6 /* PixelUnit.cpp in Sources */ = {isa = PBXBuildFile; fileRef = 9EE0E88F289918F7003967D6 /* PixelUnit.cpp */; };
		9EE0E8D2289918F7003967D6 /* IsolatedComponentManager.hpp in Headers */ = {isa = PBXBuildFile; fileRef = 9EE0E891289918F7003967D6 /* IsolatedComponentManager.hpp */; };
		9EE0E8D3289918F7003967D6 /* IsolatedComponentManager.cpp in Sources */ = {isa = PBXBuildFile; fileRef = 9EE0E892289918F7003967D6 /* IsolatedComponentManager.cpp */; };
		9EE0E8D4289918F7003967D6 /* UnifiedFont.cpp in Sources */ = {isa = PBXBuildFile; fileRef = 9EE0E894289918F7003967D6 /* UnifiedFont.cpp */; };
		9EE0E8D5289918F7003967D6 /* InputEventManager.hpp in Headers */ = {isa = PBXBuildFile; fileRef = 9EE0E896289918F7003967D6 /* InputEventManager.hpp */; };
		9EE0E8D6289918F7003967D6 /* InputEvent.cpp in Sources */ = {isa = PBXBuildFile; fileRef = 9EE0E897289918F7003967D6 /* InputEvent.cpp */; };
		9EE0E8D7289918F7003967D6 /* InputEventManager.cpp in Sources */ = {isa = PBXBuildFile; fileRef = 9EE0E898289918F7003967D6 /* InputEventManager.cpp */; };
		9EE0E8D8289918F7003967D6 /* ColorTheme.cpp in Sources */ = {isa = PBXBuildFile; fileRef = 9EE0E89A289918F7003967D6 /* ColorTheme.cpp */; };
		9EE0E8D9289918F7003967D6 /* UIView.cpp in Sources */ = {isa = PBXBuildFile; fileRef = 9EE0E89C289918F7003967D6 /* UIView.cpp */; };
		9EE0E8DA289918F7003967D6 /* UIComponentMouseEvent.cpp in Sources */ = {isa = PBXBuildFile; fileRef = 9EE0E89D289918F7003967D6 /* UIComponentMouseEvent.cpp */; };
		9EE0E8DB289918F7003967D6 /* UIButton.cpp in Sources */ = {isa = PBXBuildFile; fileRef = 9EE0E89E289918F7003967D6 /* UIButton.cpp */; };
		9EE0E8DC289918F7003967D6 /* UICheckBox.cpp in Sources */ = {isa = PBXBuildFile; fileRef = 9EE0E89F289918F7003967D6 /* UICheckBox.cpp */; };
		9EE0E8DD289918F7003967D6 /* UIVStackView.cpp in Sources */ = {isa = PBXBuildFile; fileRef = 9EE0E8A0289918F7003967D6 /* UIVStackView.cpp */; };
		9EE0E8DE289918F7003967D6 /* UIText.cpp in Sources */ = {isa = PBXBuildFile; fileRef = 9EE0E8A1289918F7003967D6 /* UIText.cpp */; };
		9EE0E8DF289918F7003967D6 /* UITabView.cpp in Sources */ = {isa = PBXBuildFile; fileRef = 9EE0E8A2289918F7003967D6 /* UITabView.cpp */; };
		9EE0E8E0289918F7003967D6 /* UIImageView.cpp in Sources */ = {isa = PBXBuildFile; fileRef = 9EE0E8A3289918F7003967D6 /* UIImageView.cpp */; };
		9EE0E8E1289918F7003967D6 /* UIIcon.cpp in Sources */ = {isa = PBXBuildFile; fileRef = 9EE0E8A4289918F7003967D6 /* UIIcon.cpp */; };
		9EE0E8E2289918F7003967D6 /* UIInputField.cpp in Sources */ = {isa = PBXBuildFile; fileRef = 9EE0E8A5289918F7003967D6 /* UIInputField.cpp */; };
		9EE0E8E3289918F7003967D6 /* UIComponent.cpp in Sources */ = {isa = PBXBuildFile; fileRef = 9EE0E8A6289918F7003967D6 /* UIComponent.cpp */; };
		9EE0E8E4289918F7003967D6 /* UICircle.cpp in Sources */ = {isa = PBXBuildFile; fileRef = 9EE0E8A7289918F7003967D6 /* UICircle.cpp */; };
		9EE0E8E5289918F7003967D6 /* UIRect.cpp in Sources */ = {isa = PBXBuildFile; fileRef = 9EE0E8A8289918F7003967D6 /* UIRect.cpp */; };
		9EE0E8E6289918F7003967D6 /* KeyboardOperation.cpp in Sources */ = {isa = PBXBuildFile; fileRef = 9EE0E8AA289918F7003967D6 /* KeyboardOperation.cpp */; };
		9EE0E8E7289918F7003967D6 /* UISlider.cpp in Sources */ = {isa = PBXBuildFile; fileRef = 9EE0E8AB289918F7003967D6 /* UISlider.cpp */; };
		9EE0E8E8289918F7003967D6 /* UIToggleButton.cpp in Sources */ = {isa = PBXBuildFile; fileRef = 9EE0E8AC289918F7003967D6 /* UIToggleButton.cpp */; };
		9EE0E8E9289918F7003967D6 /* CommandLine.cpp in Sources */ = {isa = PBXBuildFile; fileRef = 9EE0E8AE289918F7003967D6 /* CommandLine.cpp */; };
		9EE0E8EA289918F7003967D6 /* Layer.cpp in Sources */ = {isa = PBXBuildFile; fileRef = 9EE0E8B0289918F7003967D6 /* Layer.cpp */; };
		9EE0E8EB289918F7003967D6 /* AobaLog.hpp in Headers */ = {isa = PBXBuildFile; fileRef = 9EE0E8B2289918F7003967D6 /* AobaLog.hpp */; };
		9EE0E8EC289918F7003967D6 /* AobaLog.cpp in Sources */ = {isa = PBXBuildFile; fileRef = 9EE0E8B3289918F7003967D6 /* AobaLog.cpp */; };
		9EE0E8ED289918F7003967D6 /* ComponentStorage.cpp in Sources */ = {isa = PBXBuildFile; fileRef = 9EE0E8B5289918F7003967D6 /* ComponentStorage.cpp */; };
		9EE0E8EE289918F7003967D6 /* ComponentStorage.hpp in Headers */ = {isa = PBXBuildFile; fileRef = 9EE0E8B6289918F7003967D6 /* ComponentStorage.hpp */; };
		9EE0E8EF289918F7003967D6 /* Factory.cpp in Sources */ = {isa = PBXBuildFile; fileRef = 9EE0E8B8289918F7003967D6 /* Factory.cpp */; };
		9EE0E8F0289918F7003967D6 /* KeyShortcut.hpp in Headers */ = {isa = PBXBuildFile; fileRef = 9EE0E8BA289918F7003967D6 /* KeyShortcut.hpp */; };
		9EE0E8F1289918F7003967D6 /* Constraint.cpp in Sources */ = {isa = PBXBuildFile; fileRef = 9EE0E8BC289918F7003967D6 /* Constraint.cpp */; };
/* End PBXBuildFile section */

/* Begin PBXFileReference section */
		9E8380232679E3D50052AF7B /* libAoba.a */ = {isa = PBXFileReference; explicitFileType = archive.ar; includeInIndex = 0; path = libAoba.a; sourceTree = BUILT_PRODUCTS_DIR; };
		9E9A16F32817F5D6007A6D81 /* UIRect.hpp */ = {isa = PBXFileReference; fileEncoding = 4; lastKnownFileType = sourcecode.cpp.h; path = UIRect.hpp; sourceTree = "<group>"; };
		9E9A16F52817F5D6007A6D81 /* Factory.hpp */ = {isa = PBXFileReference; fileEncoding = 4; lastKnownFileType = sourcecode.cpp.h; path = Factory.hpp; sourceTree = "<group>"; };
		9E9A16F62817F5D6007A6D81 /* UISlider.hpp */ = {isa = PBXFileReference; fileEncoding = 4; lastKnownFileType = sourcecode.cpp.h; path = UISlider.hpp; sourceTree = "<group>"; };
		9E9A16F72817F5D6007A6D81 /* UIToggleButton.hpp */ = {isa = PBXFileReference; fileEncoding = 4; lastKnownFileType = sourcecode.cpp.h; path = UIToggleButton.hpp; sourceTree = "<group>"; };
		9E9A16F82817F5D6007A6D81 /* CommandLine.hpp */ = {isa = PBXFileReference; fileEncoding = 4; lastKnownFileType = sourcecode.cpp.h; path = CommandLine.hpp; sourceTree = "<group>"; };
		9E9A16F92817F5D6007A6D81 /* UIImageView.hpp */ = {isa = PBXFileReference; fileEncoding = 4; lastKnownFileType = sourcecode.cpp.h; path = UIImageView.hpp; sourceTree = "<group>"; };
		9E9A16FA2817F5D6007A6D81 /* DynamicColor.hpp */ = {isa = PBXFileReference; fileEncoding = 4; lastKnownFileType = sourcecode.cpp.h; path = DynamicColor.hpp; sourceTree = "<group>"; };
		9E9A16FB2817F5D6007A6D81 /* PixelUnit.hpp */ = {isa = PBXFileReference; fileEncoding = 4; lastKnownFileType = sourcecode.cpp.h; path = PixelUnit.hpp; sourceTree = "<group>"; };
		9E9A16FC2817F5D6007A6D81 /* Aoba.hpp */ = {isa = PBXFileReference; fileEncoding = 4; lastKnownFileType = sourcecode.cpp.h; path = Aoba.hpp; sourceTree = "<group>"; };
		9E9A16FD2817F5D6007A6D81 /* InputEvent.hpp */ = {isa = PBXFileReference; fileEncoding = 4; lastKnownFileType = sourcecode.cpp.h; path = InputEvent.hpp; sourceTree = "<group>"; };
		9E9A16FE2817F5D6007A6D81 /* ColorTheme.hpp */ = {isa = PBXFileReference; fileEncoding = 4; lastKnownFileType = sourcecode.cpp.h; path = ColorTheme.hpp; sourceTree = "<group>"; };
		9E9A16FF2817F5D6007A6D81 /* UIIcon.hpp */ = {isa = PBXFileReference; fileEncoding = 4; lastKnownFileType = sourcecode.cpp.h; path = UIIcon.hpp; sourceTree = "<group>"; };
		9E9A17002817F5D6007A6D81 /* UIInputField.hpp */ = {isa = PBXFileReference; fileEncoding = 4; lastKnownFileType = sourcecode.cpp.h; path = UIInputField.hpp; sourceTree = "<group>"; };
		9E9A17012817F5D6007A6D81 /* UIComponent.hpp */ = {isa = PBXFileReference; fileEncoding = 4; lastKnownFileType = sourcecode.cpp.h; path = UIComponent.hpp; sourceTree = "<group>"; };
		9E9A17022817F5D6007A6D81 /* UICircle.hpp */ = {isa = PBXFileReference; fileEncoding = 4; lastKnownFileType = sourcecode.cpp.h; path = UICircle.hpp; sourceTree = "<group>"; };
		9E9A17032817F5D6007A6D81 /* UICheckBox.hpp */ = {isa = PBXFileReference; fileEncoding = 4; lastKnownFileType = sourcecode.cpp.h; path = UICheckBox.hpp; sourceTree = "<group>"; };
		9E9A17042817F5D6007A6D81 /* Constraint.hpp */ = {isa = PBXFileReference; fileEncoding = 4; lastKnownFileType = sourcecode.cpp.h; path = Constraint.hpp; sourceTree = "<group>"; };
		9E9A17052817F5D6007A6D81 /* UIVStackView.hpp */ = {isa = PBXFileReference; fileEncoding = 4; lastKnownFileType = sourcecode.cpp.h; path = UIVStackView.hpp; sourceTree = "<group>"; };
		9E9A17062817F5D6007A6D81 /* UIText.hpp */ = {isa = PBXFileReference; fileEncoding = 4; lastKnownFileType = sourcecode.cpp.h; path = UIText.hpp; sourceTree = "<group>"; };
		9E9A17072817F5D6007A6D81 /* Layer.hpp */ = {isa = PBXFileReference; fileEncoding = 4; lastKnownFileType = sourcecode.cpp.h; path = Layer.hpp; sourceTree = "<group>"; };
		9E9A17082817F5D6007A6D81 /* UITabView.hpp */ = {isa = PBXFileReference; fileEncoding = 4; lastKnownFileType = sourcecode.cpp.h; path = UITabView.hpp; sourceTree = "<group>"; };
		9E9A17092817F5D6007A6D81 /* MouseEvent.hpp */ = {isa = PBXFileReference; fileEncoding = 4; lastKnownFileType = sourcecode.cpp.h; path = MouseEvent.hpp; sourceTree = "<group>"; };
		9E9A170A2817F5D6007A6D81 /* Page.hpp */ = {isa = PBXFileReference; fileEncoding = 4; lastKnownFileType = sourcecode.cpp.h; path = Page.hpp; sourceTree = "<group>"; };
		9E9A170B2817F5D6007A6D81 /* UIView.hpp */ = {isa = PBXFileReference; fileEncoding = 4; lastKnownFileType = sourcecode.cpp.h; path = UIView.hpp; sourceTree = "<group>"; };
		9E9A170C2817F5D6007A6D81 /* UnifiedFont.hpp */ = {isa = PBXFileReference; fileEncoding = 4; lastKnownFileType = sourcecode.cpp.h; path = UnifiedFont.hpp; sourceTree = "<group>"; };
		9E9A170D2817F5D6007A6D81 /* InputEventHandler.hpp */ = {isa = PBXFileReference; fileEncoding = 4; lastKnownFileType = sourcecode.cpp.h; path = InputEventHandler.hpp; sourceTree = "<group>"; };
		9E9A170E2817F5D6007A6D81 /* UIButton.hpp */ = {isa = PBXFileReference; fileEncoding = 4; lastKnownFileType = sourcecode.cpp.h; path = UIButton.hpp; sourceTree = "<group>"; };
		9E9A170F2817F5D6007A6D81 /* Core.hpp */ = {isa = PBXFileReference; fileEncoding = 4; lastKnownFileType = sourcecode.cpp.h; path = Core.hpp; sourceTree = "<group>"; };
		9E9A17102817F5D6007A6D81 /* KeyboardOperation.hpp */ = {isa = PBXFileReference; fileEncoding = 4; lastKnownFileType = sourcecode.cpp.h; path = KeyboardOperation.hpp; sourceTree = "<group>"; };
		9EE0E877289918F7003967D6 /* Page.cpp */ = {isa = PBXFileReference; fileEncoding = 4; lastKnownFileType = sourcecode.cpp.cpp; path = Page.cpp; sourceTree = "<group>"; };
		9EE0E879289918F7003967D6 /* Tooltip.hpp */ = {isa = PBXFileReference; fileEncoding = 4; lastKnownFileType = sourcecode.cpp.h; path = Tooltip.hpp; sourceTree = "<group>"; };
		9EE0E87A289918F7003967D6 /* Tooltip.cpp */ = {isa = PBXFileReference; fileEncoding = 4; lastKnownFileType = sourcecode.cpp.cpp; path = Tooltip.cpp; sourceTree = "<group>"; };
		9EE0E87C289918F7003967D6 /* PageManager.cpp */ = {isa = PBXFileReference; fileEncoding = 4; lastKnownFileType = sourcecode.cpp.cpp; path = PageManager.cpp; sourceTree = "<group>"; };
		9EE0E87D289918F7003967D6 /* Core.cpp */ = {isa = PBXFileReference; fileEncoding = 4; lastKnownFileType = sourcecode.cpp.cpp; path = Core.cpp; sourceTree = "<group>"; };
		9EE0E87E289918F7003967D6 /* CoreLifeCycle.cpp */ = {isa = PBXFileReference; fileEncoding = 4; lastKnownFileType = sourcecode.cpp.cpp; path = CoreLifeCycle.cpp; sourceTree = "<group>"; };
		9EE0E87F289918F7003967D6 /* PageCycle.cpp */ = {isa = PBXFileReference; fileEncoding = 4; lastKnownFileType = sourcecode.cpp.cpp; path = PageCycle.cpp; sourceTree = "<group>"; };
		9EE0E880289918F7003967D6 /* TaskRunner.hpp */ = {isa = PBXFileReference; fileEncoding = 4; lastKnownFileType = sourcecode.cpp.h; path = TaskRunner.hpp; sourceTree = "<group>"; };
		9EE0E881289918F7003967D6 /* WindowManager.hpp */ = {isa = PBXFileReference; fileEncoding = 4; lastKnownFileType = sourcecode.cpp.h; path = WindowManager.hpp; sourceTree = "<group>"; };
		9EE0E882289918F7003967D6 /* TaskRunner.cpp */ = {isa = PBXFileReference; fileEncoding = 4; lastKnownFileType = sourcecode.cpp.cpp; path = TaskRunner.cpp; sourceTree = "<group>"; };
		9EE0E883289918F7003967D6 /* WindowManager.cpp */ = {isa = PBXFileReference; fileEncoding = 4; lastKnownFileType = sourcecode.cpp.cpp; path = WindowManager.cpp; sourceTree = "<group>"; };
		9EE0E884289918F7003967D6 /* PageManager.hpp */ = {isa = PBXFileReference; fileEncoding = 4; lastKnownFileType = sourcecode.cpp.h; path = PageManager.hpp; sourceTree = "<group>"; };
		9EE0E886289918F7003967D6 /* AsyncTaskManager.cpp */ = {isa = PBXFileReference; fileEncoding = 4; lastKnownFileType = sourcecode.cpp.cpp; path = AsyncTaskManager.cpp; sourceTree = "<group>"; };
		9EE0E887289918F7003967D6 /* Timeout.hpp */ = {isa = PBXFileReference; fileEncoding = 4; lastKnownFileType = sourcecode.cpp.h; path = Timeout.hpp; sourceTree = "<group>"; };
		9EE0E888289918F7003967D6 /* TimeoutTaskManager.hpp */ = {isa = PBXFileReference; fileEncoding = 4; lastKnownFileType = sourcecode.cpp.h; path = TimeoutTaskManager.hpp; sourceTree = "<group>"; };
		9EE0E889289918F7003967D6 /* SyncTaskManager.cpp */ = {isa = PBXFileReference; fileEncoding = 4; lastKnownFileType = sourcecode.cpp.cpp; path = SyncTaskManager.cpp; sourceTree = "<group>"; };
		9EE0E88A289918F7003967D6 /* TimeoutTaskManager.cpp */ = {isa = PBXFileReference; fileEncoding = 4; lastKnownFileType = sourcecode.cpp.cpp; path = TimeoutTaskManager.cpp; sourceTree = "<group>"; };
		9EE0E88B289918F7003967D6 /* SyncTaskManager.hpp */ = {isa = PBXFileReference; fileEncoding = 4; lastKnownFileType = sourcecode.cpp.h; path = SyncTaskManager.hpp; sourceTree = "<group>"; };
		9EE0E88C289918F7003967D6 /* AsyncTaskManager.hpp */ = {isa = PBXFileReference; fileEncoding = 4; lastKnownFileType = sourcecode.cpp.h; path = AsyncTaskManager.hpp; sourceTree = "<group>"; };
		9EE0E88D289918F7003967D6 /* Timeout.cpp */ = {isa = PBXFileReference; fileEncoding = 4; lastKnownFileType = sourcecode.cpp.cpp; path = Timeout.cpp; sourceTree = "<group>"; };
		9EE0E88F289918F7003967D6 /* PixelUnit.cpp */ = {isa = PBXFileReference; fileEncoding = 4; lastKnownFileType = sourcecode.cpp.cpp; path = PixelUnit.cpp; sourceTree = "<group>"; };
		9EE0E891289918F7003967D6 /* IsolatedComponentManager.hpp */ = {isa = PBXFileReference; fileEncoding = 4; lastKnownFileType = sourcecode.cpp.h; path = IsolatedComponentManager.hpp; sourceTree = "<group>"; };
		9EE0E892289918F7003967D6 /* IsolatedComponentManager.cpp */ = {isa = PBXFileReference; fileEncoding = 4; lastKnownFileType = sourcecode.cpp.cpp; path = IsolatedComponentManager.cpp; sourceTree = "<group>"; };
		9EE0E894289918F7003967D6 /* UnifiedFont.cpp */ = {isa = PBXFileReference; fileEncoding = 4; lastKnownFileType = sourcecode.cpp.cpp; path = UnifiedFont.cpp; sourceTree = "<group>"; };
		9EE0E896289918F7003967D6 /* InputEventManager.hpp */ = {isa = PBXFileReference; fileEncoding = 4; lastKnownFileType = sourcecode.cpp.h; path = InputEventManager.hpp; sourceTree = "<group>"; };
		9EE0E897289918F7003967D6 /* InputEvent.cpp */ = {isa = PBXFileReference; fileEncoding = 4; lastKnownFileType = sourcecode.cpp.cpp; path = InputEvent.cpp; sourceTree = "<group>"; };
		9EE0E898289918F7003967D6 /* InputEventManager.cpp */ = {isa = PBXFileReference; fileEncoding = 4; lastKnownFileType = sourcecode.cpp.cpp; path = InputEventManager.cpp; sourceTree = "<group>"; };
		9EE0E89A289918F7003967D6 /* ColorTheme.cpp */ = {isa = PBXFileReference; fileEncoding = 4; lastKnownFileType = sourcecode.cpp.cpp; path = ColorTheme.cpp; sourceTree = "<group>"; };
		9EE0E89C289918F7003967D6 /* UIView.cpp */ = {isa = PBXFileReference; fileEncoding = 4; lastKnownFileType = sourcecode.cpp.cpp; path = UIView.cpp; sourceTree = "<group>"; };
		9EE0E89D289918F7003967D6 /* UIComponentMouseEvent.cpp */ = {isa = PBXFileReference; fileEncoding = 4; lastKnownFileType = sourcecode.cpp.cpp; path = UIComponentMouseEvent.cpp; sourceTree = "<group>"; };
		9EE0E89E289918F7003967D6 /* UIButton.cpp */ = {isa = PBXFileReference; fileEncoding = 4; lastKnownFileType = sourcecode.cpp.cpp; path = UIButton.cpp; sourceTree = "<group>"; };
		9EE0E89F289918F7003967D6 /* UICheckBox.cpp */ = {isa = PBXFileReference; fileEncoding = 4; lastKnownFileType = sourcecode.cpp.cpp; path = UICheckBox.cpp; sourceTree = "<group>"; };
		9EE0E8A0289918F7003967D6 /* UIVStackView.cpp */ = {isa = PBXFileReference; fileEncoding = 4; lastKnownFileType = sourcecode.cpp.cpp; path = UIVStackView.cpp; sourceTree = "<group>"; };
		9EE0E8A1289918F7003967D6 /* UIText.cpp */ = {isa = PBXFileReference; fileEncoding = 4; lastKnownFileType = sourcecode.cpp.cpp; path = UIText.cpp; sourceTree = "<group>"; };
		9EE0E8A2289918F7003967D6 /* UITabView.cpp */ = {isa = PBXFileReference; fileEncoding = 4; lastKnownFileType = sourcecode.cpp.cpp; path = UITabView.cpp; sourceTree = "<group>"; };
		9EE0E8A3289918F7003967D6 /* UIImageView.cpp */ = {isa = PBXFileReference; fileEncoding = 4; lastKnownFileType = sourcecode.cpp.cpp; path = UIImageView.cpp; sourceTree = "<group>"; };
		9EE0E8A4289918F7003967D6 /* UIIcon.cpp */ = {isa = PBXFileReference; fileEncoding = 4; lastKnownFileType = sourcecode.cpp.cpp; path = UIIcon.cpp; sourceTree = "<group>"; };
		9EE0E8A5289918F7003967D6 /* UIInputField.cpp */ = {isa = PBXFileReference; fileEncoding = 4; lastKnownFileType = sourcecode.cpp.cpp; path = UIInputField.cpp; sourceTree = "<group>"; };
		9EE0E8A6289918F7003967D6 /* UIComponent.cpp */ = {isa = PBXFileReference; fileEncoding = 4; lastKnownFileType = sourcecode.cpp.cpp; path = UIComponent.cpp; sourceTree = "<group>"; };
		9EE0E8A7289918F7003967D6 /* UICircle.cpp */ = {isa = PBXFileReference; fileEncoding = 4; lastKnownFileType = sourcecode.cpp.cpp; path = UICircle.cpp; sourceTree = "<group>"; };
		9EE0E8A8289918F7003967D6 /* UIRect.cpp */ = {isa = PBXFileReference; fileEncoding = 4; lastKnownFileType = sourcecode.cpp.cpp; path = UIRect.cpp; sourceTree = "<group>"; };
		9EE0E8AA289918F7003967D6 /* KeyboardOperation.cpp */ = {isa = PBXFileReference; fileEncoding = 4; lastKnownFileType = sourcecode.cpp.cpp; path = KeyboardOperation.cpp; sourceTree = "<group>"; };
		9EE0E8AB289918F7003967D6 /* UISlider.cpp */ = {isa = PBXFileReference; fileEncoding = 4; lastKnownFileType = sourcecode.cpp.cpp; path = UISlider.cpp; sourceTree = "<group>"; };
		9EE0E8AC289918F7003967D6 /* UIToggleButton.cpp */ = {isa = PBXFileReference; fileEncoding = 4; lastKnownFileType = sourcecode.cpp.cpp; path = UIToggleButton.cpp; sourceTree = "<group>"; };
		9EE0E8AE289918F7003967D6 /* CommandLine.cpp */ = {isa = PBXFileReference; fileEncoding = 4; lastKnownFileType = sourcecode.cpp.cpp; path = CommandLine.cpp; sourceTree = "<group>"; };
		9EE0E8B0289918F7003967D6 /* Layer.cpp */ = {isa = PBXFileReference; fileEncoding = 4; lastKnownFileType = sourcecode.cpp.cpp; path = Layer.cpp; sourceTree = "<group>"; };
		9EE0E8B2289918F7003967D6 /* AobaLog.hpp */ = {isa = PBXFileReference; fileEncoding = 4; lastKnownFileType = sourcecode.cpp.h; path = AobaLog.hpp; sourceTree = "<group>"; };
		9EE0E8B3289918F7003967D6 /* AobaLog.cpp */ = {isa = PBXFileReference; fileEncoding = 4; lastKnownFileType = sourcecode.cpp.cpp; path = AobaLog.cpp; sourceTree = "<group>"; };
		9EE0E8B5289918F7003967D6 /* ComponentStorage.cpp */ = {isa = PBXFileReference; fileEncoding = 4; lastKnownFileType = sourcecode.cpp.cpp; path = ComponentStorage.cpp; sourceTree = "<group>"; };
		9EE0E8B6289918F7003967D6 /* ComponentStorage.hpp */ = {isa = PBXFileReference; fileEncoding = 4; lastKnownFileType = sourcecode.cpp.h; path = ComponentStorage.hpp; sourceTree = "<group>"; };
		9EE0E8B8289918F7003967D6 /* Factory.cpp */ = {isa = PBXFileReference; fileEncoding = 4; lastKnownFileType = sourcecode.cpp.cpp; path = Factory.cpp; sourceTree = "<group>"; };
		9EE0E8BA289918F7003967D6 /* KeyShortcut.hpp */ = {isa = PBXFileReference; fileEncoding = 4; lastKnownFileType = sourcecode.cpp.h; path = KeyShortcut.hpp; sourceTree = "<group>"; };
		9EE0E8BC289918F7003967D6 /* Constraint.cpp */ = {isa = PBXFileReference; fileEncoding = 4; lastKnownFileType = sourcecode.cpp.cpp; path = Constraint.cpp; sourceTree = "<group>"; };
/* End PBXFileReference section */

/* Begin PBXFrameworksBuildPhase section */
		9E8380212679E3D50052AF7B /* Frameworks */ = {
			isa = PBXFrameworksBuildPhase;
			buildActionMask = 2147483647;
			files = (
			);
			runOnlyForDeploymentPostprocessing = 0;
		};
/* End PBXFrameworksBuildPhase section */

/* Begin PBXGroup section */
		9E83801A2679E3D50052AF7B = {
			isa = PBXGroup;
			children = (
				9E9A16F12817F5D6007A6D81 /* include */,
				9EE0E875289918F7003967D6 /* src */,
				9E8380242679E3D50052AF7B /* Products */,
			);
			sourceTree = "<group>";
		};
		9E8380242679E3D50052AF7B /* Products */ = {
			isa = PBXGroup;
			children = (
				9E8380232679E3D50052AF7B /* libAoba.a */,
			);
			name = Products;
			sourceTree = "<group>";
		};
		9E9A16F12817F5D6007A6D81 /* include */ = {
			isa = PBXGroup;
			children = (
				9E9A16F22817F5D6007A6D81 /* Aoba */,
			);
			name = include;
			path = ../Aoba/include;
			sourceTree = "<group>";
		};
		9E9A16F22817F5D6007A6D81 /* Aoba */ = {
			isa = PBXGroup;
			children = (
				9E9A16F32817F5D6007A6D81 /* UIRect.hpp */,
				9E9A16F52817F5D6007A6D81 /* Factory.hpp */,
				9E9A16F62817F5D6007A6D81 /* UISlider.hpp */,
				9E9A16F72817F5D6007A6D81 /* UIToggleButton.hpp */,
				9E9A16F82817F5D6007A6D81 /* CommandLine.hpp */,
				9E9A16F92817F5D6007A6D81 /* UIImageView.hpp */,
				9E9A16FA2817F5D6007A6D81 /* DynamicColor.hpp */,
				9E9A16FB2817F5D6007A6D81 /* PixelUnit.hpp */,
				9E9A16FC2817F5D6007A6D81 /* Aoba.hpp */,
				9E9A16FD2817F5D6007A6D81 /* InputEvent.hpp */,
				9E9A16FE2817F5D6007A6D81 /* ColorTheme.hpp */,
				9E9A16FF2817F5D6007A6D81 /* UIIcon.hpp */,
				9E9A17002817F5D6007A6D81 /* UIInputField.hpp */,
				9E9A17012817F5D6007A6D81 /* UIComponent.hpp */,
				9E9A17022817F5D6007A6D81 /* UICircle.hpp */,
				9E9A17032817F5D6007A6D81 /* UICheckBox.hpp */,
				9E9A17042817F5D6007A6D81 /* Constraint.hpp */,
				9E9A17052817F5D6007A6D81 /* UIVStackView.hpp */,
				9E9A17062817F5D6007A6D81 /* UIText.hpp */,
				9E9A17072817F5D6007A6D81 /* Layer.hpp */,
				9E9A17082817F5D6007A6D81 /* UITabView.hpp */,
				9E9A17092817F5D6007A6D81 /* MouseEvent.hpp */,
				9E9A170A2817F5D6007A6D81 /* Page.hpp */,
				9E9A170B2817F5D6007A6D81 /* UIView.hpp */,
				9E9A170C2817F5D6007A6D81 /* UnifiedFont.hpp */,
				9E9A170D2817F5D6007A6D81 /* InputEventHandler.hpp */,
				9E9A170E2817F5D6007A6D81 /* UIButton.hpp */,
				9E9A170F2817F5D6007A6D81 /* Core.hpp */,
				9E9A17102817F5D6007A6D81 /* KeyboardOperation.hpp */,
			);
			path = Aoba;
			sourceTree = "<group>";
		};
		9EE0E875289918F7003967D6 /* src */ = {
			isa = PBXGroup;
			children = (
				9EE0E876289918F7003967D6 /* Page */,
				9EE0E878289918F7003967D6 /* Tooltip */,
				9EE0E87B289918F7003967D6 /* Core */,
				9EE0E88E289918F7003967D6 /* PixelUnit */,
				9EE0E890289918F7003967D6 /* IsolatedComponentManager */,
				9EE0E893289918F7003967D6 /* UnifiedFont */,
				9EE0E895289918F7003967D6 /* InputEvent */,
				9EE0E899289918F7003967D6 /* ColorTheme */,
				9EE0E89B289918F7003967D6 /* Component */,
				9EE0E8AD289918F7003967D6 /* CommandLine */,
				9EE0E8AF289918F7003967D6 /* Layer */,
				9EE0E8B1289918F7003967D6 /* AobaLog */,
				9EE0E8B4289918F7003967D6 /* ComponentStorage */,
				9EE0E8B7289918F7003967D6 /* Factory */,
				9EE0E8B9289918F7003967D6 /* KeyShortcut */,
				9EE0E8BB289918F7003967D6 /* Constraint */,
			);
			name = src;
			path = ../Aoba/src;
			sourceTree = "<group>";
		};
		9EE0E876289918F7003967D6 /* Page */ = {
			isa = PBXGroup;
			children = (
				9EE0E877289918F7003967D6 /* Page.cpp */,
			);
			path = Page;
			sourceTree = "<group>";
		};
		9EE0E878289918F7003967D6 /* Tooltip */ = {
			isa = PBXGroup;
			children = (
				9EE0E879289918F7003967D6 /* Tooltip.hpp */,
				9EE0E87A289918F7003967D6 /* Tooltip.cpp */,
			);
			path = Tooltip;
			sourceTree = "<group>";
		};
		9EE0E87B289918F7003967D6 /* Core */ = {
			isa = PBXGroup;
			children = (
				9EE0E87C289918F7003967D6 /* PageManager.cpp */,
				9EE0E87D289918F7003967D6 /* Core.cpp */,
				9EE0E87E289918F7003967D6 /* CoreLifeCycle.cpp */,
				9EE0E87F289918F7003967D6 /* PageCycle.cpp */,
				9EE0E880289918F7003967D6 /* TaskRunner.hpp */,
				9EE0E881289918F7003967D6 /* WindowManager.hpp */,
				9EE0E882289918F7003967D6 /* TaskRunner.cpp */,
				9EE0E883289918F7003967D6 /* WindowManager.cpp */,
				9EE0E884289918F7003967D6 /* PageManager.hpp */,
				9EE0E885289918F7003967D6 /* TaskRunner */,
			);
			path = Core;
			sourceTree = "<group>";
		};
		9EE0E885289918F7003967D6 /* TaskRunner */ = {
			isa = PBXGroup;
			children = (
				9EE0E886289918F7003967D6 /* AsyncTaskManager.cpp */,
				9EE0E887289918F7003967D6 /* Timeout.hpp */,
				9EE0E888289918F7003967D6 /* TimeoutTaskManager.hpp */,
				9EE0E889289918F7003967D6 /* SyncTaskManager.cpp */,
				9EE0E88A289918F7003967D6 /* TimeoutTaskManager.cpp */,
				9EE0E88B289918F7003967D6 /* SyncTaskManager.hpp */,
				9EE0E88C289918F7003967D6 /* AsyncTaskManager.hpp */,
				9EE0E88D289918F7003967D6 /* Timeout.cpp */,
			);
			path = TaskRunner;
			sourceTree = "<group>";
		};
		9EE0E88E289918F7003967D6 /* PixelUnit */ = {
			isa = PBXGroup;
			children = (
				9EE0E88F289918F7003967D6 /* PixelUnit.cpp */,
			);
			path = PixelUnit;
			sourceTree = "<group>";
		};
		9EE0E890289918F7003967D6 /* IsolatedComponentManager */ = {
			isa = PBXGroup;
			children = (
				9EE0E891289918F7003967D6 /* IsolatedComponentManager.hpp */,
				9EE0E892289918F7003967D6 /* IsolatedComponentManager.cpp */,
			);
			path = IsolatedComponentManager;
			sourceTree = "<group>";
		};
		9EE0E893289918F7003967D6 /* UnifiedFont */ = {
			isa = PBXGroup;
			children = (
				9EE0E894289918F7003967D6 /* UnifiedFont.cpp */,
			);
			path = UnifiedFont;
			sourceTree = "<group>";
		};
		9EE0E895289918F7003967D6 /* InputEvent */ = {
			isa = PBXGroup;
			children = (
				9EE0E896289918F7003967D6 /* InputEventManager.hpp */,
				9EE0E897289918F7003967D6 /* InputEvent.cpp */,
				9EE0E898289918F7003967D6 /* InputEventManager.cpp */,
			);
			path = InputEvent;
			sourceTree = "<group>";
		};
		9EE0E899289918F7003967D6 /* ColorTheme */ = {
			isa = PBXGroup;
			children = (
				9EE0E89A289918F7003967D6 /* ColorTheme.cpp */,
			);
			path = ColorTheme;
			sourceTree = "<group>";
		};
		9EE0E89B289918F7003967D6 /* Component */ = {
			isa = PBXGroup;
			children = (
				9EE0E89C289918F7003967D6 /* UIView.cpp */,
				9EE0E89D289918F7003967D6 /* UIComponentMouseEvent.cpp */,
				9EE0E89E289918F7003967D6 /* UIButton.cpp */,
				9EE0E89F289918F7003967D6 /* UICheckBox.cpp */,
				9EE0E8A0289918F7003967D6 /* UIVStackView.cpp */,
				9EE0E8A1289918F7003967D6 /* UIText.cpp */,
				9EE0E8A2289918F7003967D6 /* UITabView.cpp */,
				9EE0E8A3289918F7003967D6 /* UIImageView.cpp */,
				9EE0E8A4289918F7003967D6 /* UIIcon.cpp */,
				9EE0E8A5289918F7003967D6 /* UIInputField.cpp */,
				9EE0E8A6289918F7003967D6 /* UIComponent.cpp */,
				9EE0E8A7289918F7003967D6 /* UICircle.cpp */,
				9EE0E8A8289918F7003967D6 /* UIRect.cpp */,
				9EE0E8A9289918F7003967D6 /* UIInputField */,
				9EE0E8AB289918F7003967D6 /* UISlider.cpp */,
				9EE0E8AC289918F7003967D6 /* UIToggleButton.cpp */,
			);
			path = Component;
			sourceTree = "<group>";
		};
		9EE0E8A9289918F7003967D6 /* UIInputField */ = {
			isa = PBXGroup;
			children = (
				9EE0E8AA289918F7003967D6 /* KeyboardOperation.cpp */,
			);
			path = UIInputField;
			sourceTree = "<group>";
		};
		9EE0E8AD289918F7003967D6 /* CommandLine */ = {
			isa = PBXGroup;
			children = (
				9EE0E8AE289918F7003967D6 /* CommandLine.cpp */,
			);
			path = CommandLine;
			sourceTree = "<group>";
		};
		9EE0E8AF289918F7003967D6 /* Layer */ = {
			isa = PBXGroup;
			children = (
				9EE0E8B0289918F7003967D6 /* Layer.cpp */,
			);
			path = Layer;
			sourceTree = "<group>";
		};
		9EE0E8B1289918F7003967D6 /* AobaLog */ = {
			isa = PBXGroup;
			children = (
				9EE0E8B2289918F7003967D6 /* AobaLog.hpp */,
				9EE0E8B3289918F7003967D6 /* AobaLog.cpp */,
			);
			path = AobaLog;
			sourceTree = "<group>";
		};
		9EE0E8B4289918F7003967D6 /* ComponentStorage */ = {
			isa = PBXGroup;
			children = (
				9EE0E8B5289918F7003967D6 /* ComponentStorage.cpp */,
				9EE0E8B6289918F7003967D6 /* ComponentStorage.hpp */,
			);
			path = ComponentStorage;
			sourceTree = "<group>";
		};
		9EE0E8B7289918F7003967D6 /* Factory */ = {
			isa = PBXGroup;
			children = (
				9EE0E8B8289918F7003967D6 /* Factory.cpp */,
			);
			path = Factory;
			sourceTree = "<group>";
		};
		9EE0E8B9289918F7003967D6 /* KeyShortcut */ = {
			isa = PBXGroup;
			children = (
				9EE0E8BA289918F7003967D6 /* KeyShortcut.hpp */,
			);
			path = KeyShortcut;
			sourceTree = "<group>";
		};
		9EE0E8BB289918F7003967D6 /* Constraint */ = {
			isa = PBXGroup;
			children = (
				9EE0E8BC289918F7003967D6 /* Constraint.cpp */,
			);
			path = Constraint;
			sourceTree = "<group>";
		};
/* End PBXGroup section */

/* Begin PBXHeadersBuildPhase section */
		9E83801F2679E3D50052AF7B /* Headers */ = {
			isa = PBXHeadersBuildPhase;
			buildActionMask = 2147483647;
			files = (
				9E9A174B2817F5D7007A6D81 /* CommandLine.hpp in Headers */,
				9E9A17532817F5D7007A6D81 /* UIInputField.hpp in Headers */,
				9E9A175A2817F5D7007A6D81 /* Layer.hpp in Headers */,
				9E9A17592817F5D7007A6D81 /* UIText.hpp in Headers */,
				9E9A17522817F5D7007A6D81 /* UIIcon.hpp in Headers */,
				9E9A17582817F5D7007A6D81 /* UIVStackView.hpp in Headers */,
				9E9A174D2817F5D7007A6D81 /* DynamicColor.hpp in Headers */,
				9E9A175F2817F5D7007A6D81 /* UnifiedFont.hpp in Headers */,
				9E9A174C2817F5D7007A6D81 /* UIImageView.hpp in Headers */,
				9E9A17502817F5D7007A6D81 /* InputEvent.hpp in Headers */,
				9E9A17612817F5D7007A6D81 /* UIButton.hpp in Headers */,
				9E9A17622817F5D7007A6D81 /* Core.hpp in Headers */,
				9EE0E8CB289918F7003967D6 /* TimeoutTaskManager.hpp in Headers */,
				9EE0E8D5289918F7003967D6 /* InputEventManager.hpp in Headers */,
				9EE0E8BE289918F7003967D6 /* Tooltip.hpp in Headers */,
				9E9A17492817F5D7007A6D81 /* UISlider.hpp in Headers */,
				9E9A174E2817F5D7007A6D81 /* PixelUnit.hpp in Headers */,
				9E9A174A2817F5D7007A6D81 /* UIToggleButton.hpp in Headers */,
				9E9A17562817F5D7007A6D81 /* UICheckBox.hpp in Headers */,
				9E9A175C2817F5D7007A6D81 /* MouseEvent.hpp in Headers */,
				9EE0E8F0289918F7003967D6 /* KeyShortcut.hpp in Headers */,
				9E9A17482817F5D7007A6D81 /* Factory.hpp in Headers */,
				9E9A175B2817F5D7007A6D81 /* UITabView.hpp in Headers */,
				9E9A17632817F5D7007A6D81 /* KeyboardOperation.hpp in Headers */,
				9E9A17552817F5D7007A6D81 /* UICircle.hpp in Headers */,
				9E9A174F2817F5D7007A6D81 /* Aoba.hpp in Headers */,
				9E9A17462817F5D7007A6D81 /* UIRect.hpp in Headers */,
				9E9A17542817F5D7007A6D81 /* UIComponent.hpp in Headers */,
				9E9A175D2817F5D7007A6D81 /* Page.hpp in Headers */,
				9EE0E8D2289918F7003967D6 /* IsolatedComponentManager.hpp in Headers */,
				9EE0E8C5289918F7003967D6 /* WindowManager.hpp in Headers */,
				9EE0E8EB289918F7003967D6 /* AobaLog.hpp in Headers */,
				9EE0E8EE289918F7003967D6 /* ComponentStorage.hpp in Headers */,
				9EE0E8CE289918F7003967D6 /* SyncTaskManager.hpp in Headers */,
				9EE0E8C4289918F7003967D6 /* TaskRunner.hpp in Headers */,
				9E9A17512817F5D7007A6D81 /* ColorTheme.hpp in Headers */,
				9E9A17572817F5D7007A6D81 /* Constraint.hpp in Headers */,
				9EE0E8CF289918F7003967D6 /* AsyncTaskManager.hpp in Headers */,
				9EE0E8CA289918F7003967D6 /* Timeout.hpp in Headers */,
				9EE0E8C8289918F7003967D6 /* PageManager.hpp in Headers */,
				9E9A175E2817F5D7007A6D81 /* UIView.hpp in Headers */,
				9E9A17602817F5D7007A6D81 /* InputEventHandler.hpp in Headers */,
			);
			runOnlyForDeploymentPostprocessing = 0;
		};
/* End PBXHeadersBuildPhase section */

/* Begin PBXNativeTarget section */
		9E8380222679E3D50052AF7B /* Aoba */ = {
			isa = PBXNativeTarget;
			buildConfigurationList = 9E83802E2679E3D50052AF7B /* Build configuration list for PBXNativeTarget "Aoba" */;
			buildPhases = (
				9E83801F2679E3D50052AF7B /* Headers */,
				9E8380202679E3D50052AF7B /* Sources */,
				9E8380212679E3D50052AF7B /* Frameworks */,
			);
			buildRules = (
			);
			dependencies = (
			);
			name = Aoba;
			productName = Aoba;
			productReference = 9E8380232679E3D50052AF7B /* libAoba.a */;
			productType = "com.apple.product-type.library.static";
		};
/* End PBXNativeTarget section */

/* Begin PBXProject section */
		9E83801B2679E3D50052AF7B /* Project object */ = {
			isa = PBXProject;
			attributes = {
				BuildIndependentTargetsInParallel = YES;
				LastUpgradeCheck = 1250;
				TargetAttributes = {
					9E8380222679E3D50052AF7B = {
						CreatedOnToolsVersion = 12.5;
					};
				};
			};
			buildConfigurationList = 9E83801E2679E3D50052AF7B /* Build configuration list for PBXProject "Aoba" */;
			compatibilityVersion = "Xcode 9.3";
			developmentRegion = en;
			hasScannedForEncodings = 0;
			knownRegions = (
				en,
				Base,
			);
			mainGroup = 9E83801A2679E3D50052AF7B;
			productRefGroup = 9E8380242679E3D50052AF7B /* Products */;
			projectDirPath = "";
			projectRoot = "";
			targets = (
				9E8380222679E3D50052AF7B /* Aoba */,
			);
		};
/* End PBXProject section */

/* Begin PBXSourcesBuildPhase section */
		9E8380202679E3D50052AF7B /* Sources */ = {
			isa = PBXSourcesBuildPhase;
			buildActionMask = 2147483647;
			files = (
				9EE0E8C0289918F7003967D6 /* PageManager.cpp in Sources */,
				9EE0E8E3289918F7003967D6 /* UIComponent.cpp in Sources */,
				9EE0E8D6289918F7003967D6 /* InputEvent.cpp in Sources */,
				9EE0E8C6289918F7003967D6 /* TaskRunner.cpp in Sources */,
				9EE0E8F1289918F7003967D6 /* Constraint.cpp in Sources */,
				9EE0E8C3289918F7003967D6 /* PageCycle.cpp in Sources */,
				9EE0E8D9289918F7003967D6 /* UIView.cpp in Sources */,
				9EE0E8D0289918F7003967D6 /* Timeout.cpp in Sources */,
				9EE0E8E1289918F7003967D6 /* UIIcon.cpp in Sources */,
				9EE0E8E6289918F7003967D6 /* KeyboardOperation.cpp in Sources */,
				9EE0E8DF289918F7003967D6 /* UITabView.cpp in Sources */,
				9EE0E8DE289918F7003967D6 /* UIText.cpp in Sources */,
				9EE0E8C2289918F7003967D6 /* CoreLifeCycle.cpp in Sources */,
				9EE0E8BD289918F7003967D6 /* Page.cpp in Sources */,
				9EE0E8E7289918F7003967D6 /* UISlider.cpp in Sources */,
				9EE0E8D4289918F7003967D6 /* UnifiedFont.cpp in Sources */,
				9EE0E8E9289918F7003967D6 /* CommandLine.cpp in Sources */,
				9EE0E8C7289918F7003967D6 /* WindowManager.cpp in Sources */,
				9EE0E8ED289918F7003967D6 /* ComponentStorage.cpp in Sources */,
				9EE0E8D8289918F7003967D6 /* ColorTheme.cpp in Sources */,
				9EE0E8E5289918F7003967D6 /* UIRect.cpp in Sources */,
				9EE0E8C9289918F7003967D6 /* AsyncTaskManager.cpp in Sources */,
				9EE0E8E0289918F7003967D6 /* UIImageView.cpp in Sources */,
				9EE0E8C1289918F7003967D6 /* Core.cpp in Sources */,
				9EE0E8D1289918F7003967D6 /* PixelUnit.cpp in Sources */,
				9EE0E8DD289918F7003967D6 /* UIVStackView.cpp in Sources */,
				9EE0E8DC289918F7003967D6 /* UICheckBox.cpp in Sources */,
				9EE0E8D3289918F7003967D6 /* IsolatedComponentManager.cpp in Sources */,
				9EE0E8E8289918F7003967D6 /* UIToggleButton.cpp in Sources */,
				9EE0E8EA289918F7003967D6 /* Layer.cpp in Sources */,
				9EE0E8BF289918F7003967D6 /* Tooltip.cpp in Sources */,
				9EE0E8EC289918F7003967D6 /* AobaLog.cpp in Sources */,
				9EE0E8DB289918F7003967D6 /* UIButton.cpp in Sources */,
				9EE0E8D7289918F7003967D6 /* InputEventManager.cpp in Sources */,
				9EE0E8CD289918F7003967D6 /* TimeoutTaskManager.cpp in Sources */,
				9EE0E8DA289918F7003967D6 /* UIComponentMouseEvent.cpp in Sources */,
				9EE0E8CC289918F7003967D6 /* SyncTaskManager.cpp in Sources */,
				9EE0E8E2289918F7003967D6 /* UIInputField.cpp in Sources */,
				9EE0E8EF289918F7003967D6 /* Factory.cpp in Sources */,
				9EE0E8E4289918F7003967D6 /* UICircle.cpp in Sources */,
			);
			runOnlyForDeploymentPostprocessing = 0;
		};
/* End PBXSourcesBuildPhase section */

/* Begin XCBuildConfiguration section */
		9E83802C2679E3D50052AF7B /* Debug */ = {
			isa = XCBuildConfiguration;
			buildSettings = {
				ALWAYS_SEARCH_USER_PATHS = NO;
				CLANG_ANALYZER_NONNULL = YES;
				CLANG_ANALYZER_NUMBER_OBJECT_CONVERSION = YES_AGGRESSIVE;
				CLANG_CXX_LANGUAGE_STANDARD = "compiler-default";
				CLANG_CXX_LIBRARY = "libc++";
				CLANG_ENABLE_MODULES = NO;
				CLANG_ENABLE_OBJC_ARC = NO;
				CLANG_ENABLE_OBJC_WEAK = NO;
				CLANG_WARN_BLOCK_CAPTURE_AUTORELEASING = YES;
				CLANG_WARN_BOOL_CONVERSION = YES;
				CLANG_WARN_COMMA = YES;
				CLANG_WARN_CONSTANT_CONVERSION = YES;
				CLANG_WARN_DEPRECATED_OBJC_IMPLEMENTATIONS = YES;
				CLANG_WARN_DIRECT_OBJC_ISA_USAGE = YES_ERROR;
				CLANG_WARN_DOCUMENTATION_COMMENTS = YES;
				CLANG_WARN_EMPTY_BODY = YES;
				CLANG_WARN_ENUM_CONVERSION = YES;
				CLANG_WARN_INFINITE_RECURSION = YES;
				CLANG_WARN_INT_CONVERSION = YES;
				CLANG_WARN_NON_LITERAL_NULL_CONVERSION = YES;
				CLANG_WARN_OBJC_IMPLICIT_RETAIN_SELF = YES;
				CLANG_WARN_OBJC_LITERAL_CONVERSION = YES;
				CLANG_WARN_OBJC_ROOT_CLASS = YES_ERROR;
				CLANG_WARN_QUOTED_INCLUDE_IN_FRAMEWORK_HEADER = YES;
				CLANG_WARN_RANGE_LOOP_ANALYSIS = YES;
				CLANG_WARN_STRICT_PROTOTYPES = YES;
				CLANG_WARN_SUSPICIOUS_MOVE = YES;
				CLANG_WARN_UNGUARDED_AVAILABILITY = YES_AGGRESSIVE;
				CLANG_WARN_UNREACHABLE_CODE = YES;
				CLANG_WARN__DUPLICATE_METHOD_MATCH = YES;
				COPY_PHASE_STRIP = NO;
				DEBUG_INFORMATION_FORMAT = dwarf;
				ENABLE_STRICT_OBJC_MSGSEND = YES;
				ENABLE_TESTABILITY = YES;
				EXCLUDED_ARCHS = arm64;
				GCC_C_LANGUAGE_STANDARD = "compiler-default";
				GCC_DYNAMIC_NO_PIC = NO;
				GCC_NO_COMMON_BLOCKS = YES;
				GCC_OPTIMIZATION_LEVEL = 0;
				GCC_PREPROCESSOR_DEFINITIONS = (
					"DEBUG=1",
					"$(inherited)",
				);
				GCC_SYMBOLS_PRIVATE_EXTERN = YES;
				GCC_WARN_64_TO_32_BIT_CONVERSION = YES;
				GCC_WARN_ABOUT_RETURN_TYPE = YES_ERROR;
				GCC_WARN_UNDECLARED_SELECTOR = YES;
				GCC_WARN_UNINITIALIZED_AUTOS = YES_AGGRESSIVE;
				GCC_WARN_UNUSED_FUNCTION = YES;
				GCC_WARN_UNUSED_VARIABLE = YES;
				MACOSX_DEPLOYMENT_TARGET = 10.14;
				MTL_ENABLE_DEBUG_INFO = INCLUDE_SOURCE;
				MTL_FAST_MATH = YES;
				ONLY_ACTIVE_ARCH = YES;
				SDKROOT = macosx;
			};
			name = Debug;
		};
		9E83802D2679E3D50052AF7B /* Release */ = {
			isa = XCBuildConfiguration;
			buildSettings = {
				ALWAYS_SEARCH_USER_PATHS = NO;
				CLANG_ANALYZER_NONNULL = YES;
				CLANG_ANALYZER_NUMBER_OBJECT_CONVERSION = YES_AGGRESSIVE;
				CLANG_CXX_LANGUAGE_STANDARD = "compiler-default";
				CLANG_CXX_LIBRARY = "libc++";
				CLANG_ENABLE_MODULES = NO;
				CLANG_ENABLE_OBJC_ARC = NO;
				CLANG_ENABLE_OBJC_WEAK = NO;
				CLANG_WARN_BLOCK_CAPTURE_AUTORELEASING = YES;
				CLANG_WARN_BOOL_CONVERSION = YES;
				CLANG_WARN_COMMA = YES;
				CLANG_WARN_CONSTANT_CONVERSION = YES;
				CLANG_WARN_DEPRECATED_OBJC_IMPLEMENTATIONS = YES;
				CLANG_WARN_DIRECT_OBJC_ISA_USAGE = YES_ERROR;
				CLANG_WARN_DOCUMENTATION_COMMENTS = YES;
				CLANG_WARN_EMPTY_BODY = YES;
				CLANG_WARN_ENUM_CONVERSION = YES;
				CLANG_WARN_INFINITE_RECURSION = YES;
				CLANG_WARN_INT_CONVERSION = YES;
				CLANG_WARN_NON_LITERAL_NULL_CONVERSION = YES;
				CLANG_WARN_OBJC_IMPLICIT_RETAIN_SELF = YES;
				CLANG_WARN_OBJC_LITERAL_CONVERSION = YES;
				CLANG_WARN_OBJC_ROOT_CLASS = YES_ERROR;
				CLANG_WARN_QUOTED_INCLUDE_IN_FRAMEWORK_HEADER = YES;
				CLANG_WARN_RANGE_LOOP_ANALYSIS = YES;
				CLANG_WARN_STRICT_PROTOTYPES = YES;
				CLANG_WARN_SUSPICIOUS_MOVE = YES;
				CLANG_WARN_UNGUARDED_AVAILABILITY = YES_AGGRESSIVE;
				CLANG_WARN_UNREACHABLE_CODE = YES;
				CLANG_WARN__DUPLICATE_METHOD_MATCH = YES;
				COPY_PHASE_STRIP = NO;
				DEBUG_INFORMATION_FORMAT = "dwarf-with-dsym";
				ENABLE_NS_ASSERTIONS = YES;
				ENABLE_STRICT_OBJC_MSGSEND = YES;
				EXCLUDED_ARCHS = arm64;
				GCC_C_LANGUAGE_STANDARD = "compiler-default";
				GCC_NO_COMMON_BLOCKS = YES;
				GCC_SYMBOLS_PRIVATE_EXTERN = YES;
				GCC_WARN_64_TO_32_BIT_CONVERSION = YES;
				GCC_WARN_ABOUT_RETURN_TYPE = YES_ERROR;
				GCC_WARN_UNDECLARED_SELECTOR = YES;
				GCC_WARN_UNINITIALIZED_AUTOS = YES_AGGRESSIVE;
				GCC_WARN_UNUSED_FUNCTION = YES;
				GCC_WARN_UNUSED_VARIABLE = YES;
				MACOSX_DEPLOYMENT_TARGET = 10.14;
				MTL_ENABLE_DEBUG_INFO = NO;
				MTL_FAST_MATH = YES;
				SDKROOT = macosx;
			};
			name = Release;
		};
		9E83802F2679E3D50052AF7B /* Debug */ = {
			isa = XCBuildConfiguration;
			buildSettings = {
				CLANG_CXX_LANGUAGE_STANDARD = "c++20";
				CLANG_ENABLE_MODULES = YES;
				CLANG_ENABLE_OBJC_ARC = NO;
				CLANG_ENABLE_OBJC_WEAK = YES;
				CLANG_WARN_DOCUMENTATION_COMMENTS = NO;
				CODE_SIGN_IDENTITY = "-";
				CODE_SIGN_STYLE = Automatic;
				DEPLOYMENT_LOCATION = NO;
				DEVELOPMENT_TEAM = 35AQWMZRAP;
				ENABLE_NS_ASSERTIONS = YES;
				EXCLUDED_ARCHS = arm64;
				EXECUTABLE_PREFIX = lib;
				GCC_C_LANGUAGE_STANDARD = gnu99;
				GCC_ENABLE_CPP_EXCEPTIONS = YES;
				GCC_ENABLE_CPP_RTTI = YES;
				GCC_INLINES_ARE_PRIVATE_EXTERN = NO;
				GCC_SYMBOLS_PRIVATE_EXTERN = YES;
				HEADER_SEARCH_PATHS = (
					"../Dependencies/include/**",
					../Aoba/include,
					../Aoba,
				);
				MACOSX_DEPLOYMENT_TARGET = 10.14;
				OBJROOT = build;
				OTHER_CPLUSPLUSFLAGS = (
					"$(OTHER_CFLAGS)",
					"-fvisibility-inlines-hidden",
				);
				PRODUCT_NAME = "$(TARGET_NAME)";
				SKIP_INSTALL = YES;
				STRINGS_FILE_OUTPUT_ENCODING = "UTF-16";
				SYMROOT = build;
				WARNING_CFLAGS = (
					"-Wall",
					"-Wextra",
					"-Wno-unknown-pragmas",
				);
			};
			name = Debug;
		};
		9E8380302679E3D50052AF7B /* Release */ = {
			isa = XCBuildConfiguration;
			buildSettings = {
				CLANG_CXX_LANGUAGE_STANDARD = "c++20";
				CLANG_ENABLE_MODULES = YES;
				CLANG_ENABLE_OBJC_ARC = NO;
				CLANG_ENABLE_OBJC_WEAK = YES;
				CLANG_WARN_DOCUMENTATION_COMMENTS = NO;
				CODE_SIGN_IDENTITY = "-";
				CODE_SIGN_STYLE = Automatic;
				DEPLOYMENT_LOCATION = NO;
				DEVELOPMENT_TEAM = 35AQWMZRAP;
				ENABLE_NS_ASSERTIONS = NO;
				EXCLUDED_ARCHS = arm64;
				EXECUTABLE_PREFIX = lib;
				GCC_C_LANGUAGE_STANDARD = gnu99;
				GCC_ENABLE_CPP_EXCEPTIONS = YES;
				GCC_ENABLE_CPP_RTTI = YES;
				GCC_INLINES_ARE_PRIVATE_EXTERN = NO;
				GCC_SYMBOLS_PRIVATE_EXTERN = YES;
				HEADER_SEARCH_PATHS = (
					"../Dependencies/include/**",
					../Aoba/include,
					../Aoba,
				);
				MACOSX_DEPLOYMENT_TARGET = 10.14;
				OBJROOT = build;
				ONLY_ACTIVE_ARCH = YES;
				OTHER_CPLUSPLUSFLAGS = (
					"$(OTHER_CFLAGS)",
					"-fvisibility-inlines-hidden",
				);
				PRODUCT_NAME = "$(TARGET_NAME)";
				SKIP_INSTALL = YES;
				STRINGS_FILE_OUTPUT_ENCODING = "UTF-16";
				SYMROOT = build;
				WARNING_CFLAGS = (
					"-Wall",
					"-Wextra",
					"-Wno-unknown-pragmas",
				);
			};
			name = Release;
		};
/* End XCBuildConfiguration section */

/* Begin XCConfigurationList section */
		9E83801E2679E3D50052AF7B /* Build configuration list for PBXProject "Aoba" */ = {
			isa = XCConfigurationList;
			buildConfigurations = (
				9E83802C2679E3D50052AF7B /* Debug */,
				9E83802D2679E3D50052AF7B /* Release */,
			);
			defaultConfigurationIsVisible = 0;
			defaultConfigurationName = Release;
		};
		9E83802E2679E3D50052AF7B /* Build configuration list for PBXNativeTarget "Aoba" */ = {
			isa = XCConfigurationList;
			buildConfigurations = (
				9E83802F2679E3D50052AF7B /* Debug */,
				9E8380302679E3D50052AF7B /* Release */,
			);
			defaultConfigurationIsVisible = 0;
			defaultConfigurationName = Release;
		};
/* End XCConfigurationList section */
	};
	rootObject = 9E83801B2679E3D50052AF7B /* Project object */;
}
