// !$*UTF8*$!
{
	archiveVersion = 1;
	classes = {
	};
	objectVersion = 50;
	objects = {

/* Begin PBXBuildFile section */
		9E32C60126A52767006A9C90 /* Page.cpp in Sources */ = {isa = PBXBuildFile; fileRef = 9E32C5AD26A52767006A9C90 /* Page.cpp */; };
		9E32C60226A52767006A9C90 /* PixelUnit.cpp in Sources */ = {isa = PBXBuildFile; fileRef = 9E32C5AF26A52767006A9C90 /* PixelUnit.cpp */; };
		9E32C60326A52767006A9C90 /* GUIKitLifeCycle.cpp in Sources */ = {isa = PBXBuildFile; fileRef = 9E32C5B126A52767006A9C90 /* GUIKitLifeCycle.cpp */; };
		9E32C60426A52767006A9C90 /* GUIKitCore.cpp in Sources */ = {isa = PBXBuildFile; fileRef = 9E32C5B226A52767006A9C90 /* GUIKitCore.cpp */; };
		9E32C60526A52767006A9C90 /* WindowManager.cpp in Sources */ = {isa = PBXBuildFile; fileRef = 9E32C5B426A52767006A9C90 /* WindowManager.cpp */; };
		9E32C60626A52767006A9C90 /* Timeout.cpp in Sources */ = {isa = PBXBuildFile; fileRef = 9E32C5B626A52767006A9C90 /* Timeout.cpp */; };
		9E32C60726A52767006A9C90 /* ColorTheme.cpp in Sources */ = {isa = PBXBuildFile; fileRef = 9E32C5B826A52767006A9C90 /* ColorTheme.cpp */; };
		9E32C60826A52767006A9C90 /* Imaging.cpp in Sources */ = {isa = PBXBuildFile; fileRef = 9E32C5BA26A52767006A9C90 /* Imaging.cpp */; };
		9E32C60926A52767006A9C90 /* GUIFactory.cpp in Sources */ = {isa = PBXBuildFile; fileRef = 9E32C5BC26A52767006A9C90 /* GUIFactory.cpp */; };
		9E32C60A26A52767006A9C90 /* UICheckBox.cpp in Sources */ = {isa = PBXBuildFile; fileRef = 9E32C5C026A52767006A9C90 /* UICheckBox.cpp */; };
		9E32C60B26A52767006A9C90 /* UIComponentMouseEvent.cpp in Sources */ = {isa = PBXBuildFile; fileRef = 9E32C5C126A52767006A9C90 /* UIComponentMouseEvent.cpp */; };
		9E32C60C26A52767006A9C90 /* UIButton.cpp in Sources */ = {isa = PBXBuildFile; fileRef = 9E32C5C326A52767006A9C90 /* UIButton.cpp */; };
		9E32C60D26A52767006A9C90 /* UIToggleButton.cpp in Sources */ = {isa = PBXBuildFile; fileRef = 9E32C5C526A52767006A9C90 /* UIToggleButton.cpp */; };
		9E32C60E26A52767006A9C90 /* UIView.cpp in Sources */ = {isa = PBXBuildFile; fileRef = 9E32C5C726A52767006A9C90 /* UIView.cpp */; };
		9E32C60F26A52767006A9C90 /* UIText.cpp in Sources */ = {isa = PBXBuildFile; fileRef = 9E32C5C926A52767006A9C90 /* UIText.cpp */; };
		9E32C61026A52767006A9C90 /* UIVStackView.cpp in Sources */ = {isa = PBXBuildFile; fileRef = 9E32C5CB26A52767006A9C90 /* UIVStackView.cpp */; };
		9E32C61126A52767006A9C90 /* UIIcon.cpp in Sources */ = {isa = PBXBuildFile; fileRef = 9E32C5CD26A52767006A9C90 /* UIIcon.cpp */; };
		9E32C61226A52767006A9C90 /* UICircle.cpp in Sources */ = {isa = PBXBuildFile; fileRef = 9E32C5CF26A52767006A9C90 /* UICircle.cpp */; };
		9E32C61326A52767006A9C90 /* UIZStackedImageView.cpp in Sources */ = {isa = PBXBuildFile; fileRef = 9E32C5D126A52767006A9C90 /* UIZStackedImageView.cpp */; };
		9E32C61426A52767006A9C90 /* UIImageView.cpp in Sources */ = {isa = PBXBuildFile; fileRef = 9E32C5D226A52767006A9C90 /* UIImageView.cpp */; };
		9E32C61526A52767006A9C90 /* UIRect.cpp in Sources */ = {isa = PBXBuildFile; fileRef = 9E32C5D426A52767006A9C90 /* UIRect.cpp */; };
		9E32C61626A52767006A9C90 /* UIComponent.cpp in Sources */ = {isa = PBXBuildFile; fileRef = 9E32C5D626A52767006A9C90 /* UIComponent.cpp */; };
		9E32C61726A52767006A9C90 /* UIInputField.cpp in Sources */ = {isa = PBXBuildFile; fileRef = 9E32C5D826A52767006A9C90 /* UIInputField.cpp */; };
		9E32C61826A52767006A9C90 /* UISlider.cpp in Sources */ = {isa = PBXBuildFile; fileRef = 9E32C5DA26A52767006A9C90 /* UISlider.cpp */; };
		9E32C61926A52767006A9C90 /* Layer.cpp in Sources */ = {isa = PBXBuildFile; fileRef = 9E32C5DC26A52767006A9C90 /* Layer.cpp */; };
		9E32C61A26A52767006A9C90 /* UnifiedFont.cpp in Sources */ = {isa = PBXBuildFile; fileRef = 9E32C5DE26A52767006A9C90 /* UnifiedFont.cpp */; };
		9E32C61B26A52767006A9C90 /* Constraint.cpp in Sources */ = {isa = PBXBuildFile; fileRef = 9E32C5E026A52767006A9C90 /* Constraint.cpp */; };
		9E32C61C26A52767006A9C90 /* Page.h in Headers */ = {isa = PBXBuildFile; fileRef = 9E32C5E326A52767006A9C90 /* Page.h */; };
		9E32C61D26A52767006A9C90 /* WindowManager.h in Headers */ = {isa = PBXBuildFile; fileRef = 9E32C5E426A52767006A9C90 /* WindowManager.h */; };
		9E32C61E26A52767006A9C90 /* UIComponent.h in Headers */ = {isa = PBXBuildFile; fileRef = 9E32C5E526A52767006A9C90 /* UIComponent.h */; };
		9E32C61F26A52767006A9C90 /* UIRect.h in Headers */ = {isa = PBXBuildFile; fileRef = 9E32C5E626A52767006A9C90 /* UIRect.h */; };
		9E32C62026A52767006A9C90 /* UnifiedFont.h in Headers */ = {isa = PBXBuildFile; fileRef = 9E32C5E726A52767006A9C90 /* UnifiedFont.h */; };
		9E32C62126A52767006A9C90 /* Layer.h in Headers */ = {isa = PBXBuildFile; fileRef = 9E32C5E826A52767006A9C90 /* Layer.h */; };
		9E32C62226A52767006A9C90 /* UICircle.h in Headers */ = {isa = PBXBuildFile; fileRef = 9E32C5E926A52767006A9C90 /* UICircle.h */; };
		9E32C62326A52767006A9C90 /* GUIKitCore.h in Headers */ = {isa = PBXBuildFile; fileRef = 9E32C5EA26A52767006A9C90 /* GUIKitCore.h */; };
		9E32C62426A52767006A9C90 /* GUIKit.h in Headers */ = {isa = PBXBuildFile; fileRef = 9E32C5EB26A52767006A9C90 /* GUIKit.h */; };
		9E32C62526A52767006A9C90 /* UICheckBox.h in Headers */ = {isa = PBXBuildFile; fileRef = 9E32C5EC26A52767006A9C90 /* UICheckBox.h */; };
		9E32C62626A52767006A9C90 /* UIToggleButton.h in Headers */ = {isa = PBXBuildFile; fileRef = 9E32C5ED26A52767006A9C90 /* UIToggleButton.h */; };
		9E32C62726A52767006A9C90 /* UIVStackView.h in Headers */ = {isa = PBXBuildFile; fileRef = 9E32C5EE26A52767006A9C90 /* UIVStackView.h */; };
		9E32C62826A52767006A9C90 /* ColorTheme.h in Headers */ = {isa = PBXBuildFile; fileRef = 9E32C5EF26A52767006A9C90 /* ColorTheme.h */; };
		9E32C62926A52767006A9C90 /* Imaging.h in Headers */ = {isa = PBXBuildFile; fileRef = 9E32C5F026A52767006A9C90 /* Imaging.h */; };
		9E32C62A26A52767006A9C90 /* UIText.h in Headers */ = {isa = PBXBuildFile; fileRef = 9E32C5F126A52767006A9C90 /* UIText.h */; };
		9E32C62B26A52767006A9C90 /* Constraint.h in Headers */ = {isa = PBXBuildFile; fileRef = 9E32C5F226A52767006A9C90 /* Constraint.h */; };
		9E32C62C26A52767006A9C90 /* PixelUnit.h in Headers */ = {isa = PBXBuildFile; fileRef = 9E32C5F326A52767006A9C90 /* PixelUnit.h */; };
		9E32C62D26A52767006A9C90 /* UIImageView.h in Headers */ = {isa = PBXBuildFile; fileRef = 9E32C5F426A52767006A9C90 /* UIImageView.h */; };
		9E32C62E26A52767006A9C90 /* MouseEvent.h in Headers */ = {isa = PBXBuildFile; fileRef = 9E32C5F526A52767006A9C90 /* MouseEvent.h */; };
		9E32C62F26A52767006A9C90 /* UIZStackedImageView.h in Headers */ = {isa = PBXBuildFile; fileRef = 9E32C5F626A52767006A9C90 /* UIZStackedImageView.h */; };
		9E32C63026A52767006A9C90 /* UIButton.h in Headers */ = {isa = PBXBuildFile; fileRef = 9E32C5F726A52767006A9C90 /* UIButton.h */; };
		9E32C63126A52767006A9C90 /* UIView.h in Headers */ = {isa = PBXBuildFile; fileRef = 9E32C5F826A52767006A9C90 /* UIView.h */; };
		9E32C63226A52767006A9C90 /* DynamicColor.h in Headers */ = {isa = PBXBuildFile; fileRef = 9E32C5F926A52767006A9C90 /* DynamicColor.h */; };
		9E32C63326A52767006A9C90 /* UIInputField.h in Headers */ = {isa = PBXBuildFile; fileRef = 9E32C5FA26A52767006A9C90 /* UIInputField.h */; };
		9E32C63426A52767006A9C90 /* GUIFactory.h in Headers */ = {isa = PBXBuildFile; fileRef = 9E32C5FB26A52767006A9C90 /* GUIFactory.h */; };
		9E32C63526A52767006A9C90 /* Timeout.h in Headers */ = {isa = PBXBuildFile; fileRef = 9E32C5FC26A52767006A9C90 /* Timeout.h */; };
		9E32C63626A52767006A9C90 /* InputEventHandler.h in Headers */ = {isa = PBXBuildFile; fileRef = 9E32C5FD26A52767006A9C90 /* InputEventHandler.h */; };
		9E32C63726A52767006A9C90 /* InputEvent.h in Headers */ = {isa = PBXBuildFile; fileRef = 9E32C5FE26A52767006A9C90 /* InputEvent.h */; };
		9E32C63826A52767006A9C90 /* UISlider.h in Headers */ = {isa = PBXBuildFile; fileRef = 9E32C5FF26A52767006A9C90 /* UISlider.h */; };
		9E32C63926A52767006A9C90 /* UIIcon.h in Headers */ = {isa = PBXBuildFile; fileRef = 9E32C60026A52767006A9C90 /* UIIcon.h */; };
/* End PBXBuildFile section */

/* Begin PBXFileReference section */
		9E32C5AD26A52767006A9C90 /* Page.cpp */ = {isa = PBXFileReference; fileEncoding = 4; lastKnownFileType = sourcecode.cpp.cpp; path = Page.cpp; sourceTree = "<group>"; };
		9E32C5AF26A52767006A9C90 /* PixelUnit.cpp */ = {isa = PBXFileReference; fileEncoding = 4; lastKnownFileType = sourcecode.cpp.cpp; path = PixelUnit.cpp; sourceTree = "<group>"; };
		9E32C5B126A52767006A9C90 /* GUIKitLifeCycle.cpp */ = {isa = PBXFileReference; fileEncoding = 4; lastKnownFileType = sourcecode.cpp.cpp; path = GUIKitLifeCycle.cpp; sourceTree = "<group>"; };
		9E32C5B226A52767006A9C90 /* GUIKitCore.cpp */ = {isa = PBXFileReference; fileEncoding = 4; lastKnownFileType = sourcecode.cpp.cpp; path = GUIKitCore.cpp; sourceTree = "<group>"; };
		9E32C5B426A52767006A9C90 /* WindowManager.cpp */ = {isa = PBXFileReference; fileEncoding = 4; lastKnownFileType = sourcecode.cpp.cpp; path = WindowManager.cpp; sourceTree = "<group>"; };
		9E32C5B626A52767006A9C90 /* Timeout.cpp */ = {isa = PBXFileReference; fileEncoding = 4; lastKnownFileType = sourcecode.cpp.cpp; path = Timeout.cpp; sourceTree = "<group>"; };
		9E32C5B826A52767006A9C90 /* ColorTheme.cpp */ = {isa = PBXFileReference; fileEncoding = 4; lastKnownFileType = sourcecode.cpp.cpp; path = ColorTheme.cpp; sourceTree = "<group>"; };
		9E32C5BA26A52767006A9C90 /* Imaging.cpp */ = {isa = PBXFileReference; fileEncoding = 4; lastKnownFileType = sourcecode.cpp.cpp; path = Imaging.cpp; sourceTree = "<group>"; };
		9E32C5BC26A52767006A9C90 /* GUIFactory.cpp */ = {isa = PBXFileReference; fileEncoding = 4; lastKnownFileType = sourcecode.cpp.cpp; path = GUIFactory.cpp; sourceTree = "<group>"; };
		9E32C5C026A52767006A9C90 /* UICheckBox.cpp */ = {isa = PBXFileReference; fileEncoding = 4; lastKnownFileType = sourcecode.cpp.cpp; path = UICheckBox.cpp; sourceTree = "<group>"; };
		9E32C5C126A52767006A9C90 /* UIComponentMouseEvent.cpp */ = {isa = PBXFileReference; fileEncoding = 4; lastKnownFileType = sourcecode.cpp.cpp; path = UIComponentMouseEvent.cpp; sourceTree = "<group>"; };
		9E32C5C326A52767006A9C90 /* UIButton.cpp */ = {isa = PBXFileReference; fileEncoding = 4; lastKnownFileType = sourcecode.cpp.cpp; path = UIButton.cpp; sourceTree = "<group>"; };
		9E32C5C526A52767006A9C90 /* UIToggleButton.cpp */ = {isa = PBXFileReference; fileEncoding = 4; lastKnownFileType = sourcecode.cpp.cpp; path = UIToggleButton.cpp; sourceTree = "<group>"; };
		9E32C5C726A52767006A9C90 /* UIView.cpp */ = {isa = PBXFileReference; fileEncoding = 4; lastKnownFileType = sourcecode.cpp.cpp; path = UIView.cpp; sourceTree = "<group>"; };
		9E32C5C926A52767006A9C90 /* UIText.cpp */ = {isa = PBXFileReference; fileEncoding = 4; lastKnownFileType = sourcecode.cpp.cpp; path = UIText.cpp; sourceTree = "<group>"; };
		9E32C5CB26A52767006A9C90 /* UIVStackView.cpp */ = {isa = PBXFileReference; fileEncoding = 4; lastKnownFileType = sourcecode.cpp.cpp; path = UIVStackView.cpp; sourceTree = "<group>"; };
		9E32C5CD26A52767006A9C90 /* UIIcon.cpp */ = {isa = PBXFileReference; fileEncoding = 4; lastKnownFileType = sourcecode.cpp.cpp; path = UIIcon.cpp; sourceTree = "<group>"; };
		9E32C5CF26A52767006A9C90 /* UICircle.cpp */ = {isa = PBXFileReference; fileEncoding = 4; lastKnownFileType = sourcecode.cpp.cpp; path = UICircle.cpp; sourceTree = "<group>"; };
		9E32C5D126A52767006A9C90 /* UIZStackedImageView.cpp */ = {isa = PBXFileReference; fileEncoding = 4; lastKnownFileType = sourcecode.cpp.cpp; path = UIZStackedImageView.cpp; sourceTree = "<group>"; };
		9E32C5D226A52767006A9C90 /* UIImageView.cpp */ = {isa = PBXFileReference; fileEncoding = 4; lastKnownFileType = sourcecode.cpp.cpp; path = UIImageView.cpp; sourceTree = "<group>"; };
		9E32C5D426A52767006A9C90 /* UIRect.cpp */ = {isa = PBXFileReference; fileEncoding = 4; lastKnownFileType = sourcecode.cpp.cpp; path = UIRect.cpp; sourceTree = "<group>"; };
		9E32C5D626A52767006A9C90 /* UIComponent.cpp */ = {isa = PBXFileReference; fileEncoding = 4; lastKnownFileType = sourcecode.cpp.cpp; path = UIComponent.cpp; sourceTree = "<group>"; };
		9E32C5D826A52767006A9C90 /* UIInputField.cpp */ = {isa = PBXFileReference; fileEncoding = 4; lastKnownFileType = sourcecode.cpp.cpp; path = UIInputField.cpp; sourceTree = "<group>"; };
		9E32C5DA26A52767006A9C90 /* UISlider.cpp */ = {isa = PBXFileReference; fileEncoding = 4; lastKnownFileType = sourcecode.cpp.cpp; path = UISlider.cpp; sourceTree = "<group>"; };
		9E32C5DC26A52767006A9C90 /* Layer.cpp */ = {isa = PBXFileReference; fileEncoding = 4; lastKnownFileType = sourcecode.cpp.cpp; path = Layer.cpp; sourceTree = "<group>"; };
		9E32C5DE26A52767006A9C90 /* UnifiedFont.cpp */ = {isa = PBXFileReference; fileEncoding = 4; lastKnownFileType = sourcecode.cpp.cpp; path = UnifiedFont.cpp; sourceTree = "<group>"; };
		9E32C5E026A52767006A9C90 /* Constraint.cpp */ = {isa = PBXFileReference; fileEncoding = 4; lastKnownFileType = sourcecode.cpp.cpp; path = Constraint.cpp; sourceTree = "<group>"; };
		9E32C5E326A52767006A9C90 /* Page.h */ = {isa = PBXFileReference; fileEncoding = 4; lastKnownFileType = sourcecode.c.h; path = Page.h; sourceTree = "<group>"; };
		9E32C5E426A52767006A9C90 /* WindowManager.h */ = {isa = PBXFileReference; fileEncoding = 4; lastKnownFileType = sourcecode.c.h; path = WindowManager.h; sourceTree = "<group>"; };
		9E32C5E526A52767006A9C90 /* UIComponent.h */ = {isa = PBXFileReference; fileEncoding = 4; lastKnownFileType = sourcecode.c.h; path = UIComponent.h; sourceTree = "<group>"; };
		9E32C5E626A52767006A9C90 /* UIRect.h */ = {isa = PBXFileReference; fileEncoding = 4; lastKnownFileType = sourcecode.c.h; path = UIRect.h; sourceTree = "<group>"; };
		9E32C5E726A52767006A9C90 /* UnifiedFont.h */ = {isa = PBXFileReference; fileEncoding = 4; lastKnownFileType = sourcecode.c.h; path = UnifiedFont.h; sourceTree = "<group>"; };
		9E32C5E826A52767006A9C90 /* Layer.h */ = {isa = PBXFileReference; fileEncoding = 4; lastKnownFileType = sourcecode.c.h; path = Layer.h; sourceTree = "<group>"; };
		9E32C5E926A52767006A9C90 /* UICircle.h */ = {isa = PBXFileReference; fileEncoding = 4; lastKnownFileType = sourcecode.c.h; path = UICircle.h; sourceTree = "<group>"; };
		9E32C5EA26A52767006A9C90 /* GUIKitCore.h */ = {isa = PBXFileReference; fileEncoding = 4; lastKnownFileType = sourcecode.c.h; path = GUIKitCore.h; sourceTree = "<group>"; };
		9E32C5EB26A52767006A9C90 /* GUIKit.h */ = {isa = PBXFileReference; fileEncoding = 4; lastKnownFileType = sourcecode.c.h; path = GUIKit.h; sourceTree = "<group>"; };
		9E32C5EC26A52767006A9C90 /* UICheckBox.h */ = {isa = PBXFileReference; fileEncoding = 4; lastKnownFileType = sourcecode.c.h; path = UICheckBox.h; sourceTree = "<group>"; };
		9E32C5ED26A52767006A9C90 /* UIToggleButton.h */ = {isa = PBXFileReference; fileEncoding = 4; lastKnownFileType = sourcecode.c.h; path = UIToggleButton.h; sourceTree = "<group>"; };
		9E32C5EE26A52767006A9C90 /* UIVStackView.h */ = {isa = PBXFileReference; fileEncoding = 4; lastKnownFileType = sourcecode.c.h; path = UIVStackView.h; sourceTree = "<group>"; };
		9E32C5EF26A52767006A9C90 /* ColorTheme.h */ = {isa = PBXFileReference; fileEncoding = 4; lastKnownFileType = sourcecode.c.h; path = ColorTheme.h; sourceTree = "<group>"; };
		9E32C5F026A52767006A9C90 /* Imaging.h */ = {isa = PBXFileReference; fileEncoding = 4; lastKnownFileType = sourcecode.c.h; path = Imaging.h; sourceTree = "<group>"; };
		9E32C5F126A52767006A9C90 /* UIText.h */ = {isa = PBXFileReference; fileEncoding = 4; lastKnownFileType = sourcecode.c.h; path = UIText.h; sourceTree = "<group>"; };
		9E32C5F226A52767006A9C90 /* Constraint.h */ = {isa = PBXFileReference; fileEncoding = 4; lastKnownFileType = sourcecode.c.h; path = Constraint.h; sourceTree = "<group>"; };
		9E32C5F326A52767006A9C90 /* PixelUnit.h */ = {isa = PBXFileReference; fileEncoding = 4; lastKnownFileType = sourcecode.c.h; path = PixelUnit.h; sourceTree = "<group>"; };
		9E32C5F426A52767006A9C90 /* UIImageView.h */ = {isa = PBXFileReference; fileEncoding = 4; lastKnownFileType = sourcecode.c.h; path = UIImageView.h; sourceTree = "<group>"; };
		9E32C5F526A52767006A9C90 /* MouseEvent.h */ = {isa = PBXFileReference; fileEncoding = 4; lastKnownFileType = sourcecode.c.h; path = MouseEvent.h; sourceTree = "<group>"; };
		9E32C5F626A52767006A9C90 /* UIZStackedImageView.h */ = {isa = PBXFileReference; fileEncoding = 4; lastKnownFileType = sourcecode.c.h; path = UIZStackedImageView.h; sourceTree = "<group>"; };
		9E32C5F726A52767006A9C90 /* UIButton.h */ = {isa = PBXFileReference; fileEncoding = 4; lastKnownFileType = sourcecode.c.h; path = UIButton.h; sourceTree = "<group>"; };
		9E32C5F826A52767006A9C90 /* UIView.h */ = {isa = PBXFileReference; fileEncoding = 4; lastKnownFileType = sourcecode.c.h; path = UIView.h; sourceTree = "<group>"; };
		9E32C5F926A52767006A9C90 /* DynamicColor.h */ = {isa = PBXFileReference; fileEncoding = 4; lastKnownFileType = sourcecode.c.h; path = DynamicColor.h; sourceTree = "<group>"; };
		9E32C5FA26A52767006A9C90 /* UIInputField.h */ = {isa = PBXFileReference; fileEncoding = 4; lastKnownFileType = sourcecode.c.h; path = UIInputField.h; sourceTree = "<group>"; };
		9E32C5FB26A52767006A9C90 /* GUIFactory.h */ = {isa = PBXFileReference; fileEncoding = 4; lastKnownFileType = sourcecode.c.h; path = GUIFactory.h; sourceTree = "<group>"; };
		9E32C5FC26A52767006A9C90 /* Timeout.h */ = {isa = PBXFileReference; fileEncoding = 4; lastKnownFileType = sourcecode.c.h; path = Timeout.h; sourceTree = "<group>"; };
		9E32C5FD26A52767006A9C90 /* InputEventHandler.h */ = {isa = PBXFileReference; fileEncoding = 4; lastKnownFileType = sourcecode.c.h; path = InputEventHandler.h; sourceTree = "<group>"; };
		9E32C5FE26A52767006A9C90 /* InputEvent.h */ = {isa = PBXFileReference; fileEncoding = 4; lastKnownFileType = sourcecode.c.h; path = InputEvent.h; sourceTree = "<group>"; };
		9E32C5FF26A52767006A9C90 /* UISlider.h */ = {isa = PBXFileReference; fileEncoding = 4; lastKnownFileType = sourcecode.c.h; path = UISlider.h; sourceTree = "<group>"; };
		9E32C60026A52767006A9C90 /* UIIcon.h */ = {isa = PBXFileReference; fileEncoding = 4; lastKnownFileType = sourcecode.c.h; path = UIIcon.h; sourceTree = "<group>"; };
		9E8380232679E3D50052AF7B /* libOpenSiv3D-GUIKit.a */ = {isa = PBXFileReference; explicitFileType = archive.ar; includeInIndex = 0; path = "libOpenSiv3D-GUIKit.a"; sourceTree = BUILT_PRODUCTS_DIR; };
/* End PBXFileReference section */

/* Begin PBXFrameworksBuildPhase section */
		9E8380212679E3D50052AF7B /* Frameworks */ = {
			isa = PBXFrameworksBuildPhase;
			buildActionMask = 2147483647;
			files = (
			);
			runOnlyForDeploymentPostprocessing = 0;
		};
/* End PBXFrameworksBuildPhase section */

/* Begin PBXGroup section */
		9E32C5AB26A52767006A9C90 /* src */ = {
			isa = PBXGroup;
			children = (
				9E32C5AC26A52767006A9C90 /* Page */,
				9E32C5AE26A52767006A9C90 /* PixelUnit */,
				9E32C5B026A52767006A9C90 /* GUIKitCore */,
				9E32C5B326A52767006A9C90 /* WindowManager */,
				9E32C5B526A52767006A9C90 /* Timeout */,
				9E32C5B726A52767006A9C90 /* ColorTheme */,
				9E32C5B926A52767006A9C90 /* Imaging */,
				9E32C5BB26A52767006A9C90 /* GUIFactory */,
				9E32C5BD26A52767006A9C90 /* UserInterface */,
			);
			path = src;
			sourceTree = "<group>";
		};
		9E32C5AC26A52767006A9C90 /* Page */ = {
			isa = PBXGroup;
			children = (
				9E32C5AD26A52767006A9C90 /* Page.cpp */,
			);
			path = Page;
			sourceTree = "<group>";
		};
		9E32C5AE26A52767006A9C90 /* PixelUnit */ = {
			isa = PBXGroup;
			children = (
				9E32C5AF26A52767006A9C90 /* PixelUnit.cpp */,
			);
			path = PixelUnit;
			sourceTree = "<group>";
		};
		9E32C5B026A52767006A9C90 /* GUIKitCore */ = {
			isa = PBXGroup;
			children = (
				9E32C5B126A52767006A9C90 /* GUIKitLifeCycle.cpp */,
				9E32C5B226A52767006A9C90 /* GUIKitCore.cpp */,
			);
			path = GUIKitCore;
			sourceTree = "<group>";
		};
		9E32C5B326A52767006A9C90 /* WindowManager */ = {
			isa = PBXGroup;
			children = (
				9E32C5B426A52767006A9C90 /* WindowManager.cpp */,
			);
			path = WindowManager;
			sourceTree = "<group>";
		};
		9E32C5B526A52767006A9C90 /* Timeout */ = {
			isa = PBXGroup;
			children = (
				9E32C5B626A52767006A9C90 /* Timeout.cpp */,
			);
			path = Timeout;
			sourceTree = "<group>";
		};
		9E32C5B726A52767006A9C90 /* ColorTheme */ = {
			isa = PBXGroup;
			children = (
				9E32C5B826A52767006A9C90 /* ColorTheme.cpp */,
			);
			path = ColorTheme;
			sourceTree = "<group>";
		};
		9E32C5B926A52767006A9C90 /* Imaging */ = {
			isa = PBXGroup;
			children = (
				9E32C5BA26A52767006A9C90 /* Imaging.cpp */,
			);
			path = Imaging;
			sourceTree = "<group>";
		};
		9E32C5BB26A52767006A9C90 /* GUIFactory */ = {
			isa = PBXGroup;
			children = (
				9E32C5BC26A52767006A9C90 /* GUIFactory.cpp */,
			);
			path = GUIFactory;
			sourceTree = "<group>";
		};
		9E32C5BD26A52767006A9C90 /* UserInterface */ = {
			isa = PBXGroup;
			children = (
				9E32C5BE26A52767006A9C90 /* Component */,
				9E32C5DB26A52767006A9C90 /* Layer */,
				9E32C5DD26A52767006A9C90 /* Font */,
				9E32C5DF26A52767006A9C90 /* Constraint */,
			);
			path = UserInterface;
			sourceTree = "<group>";
		};
		9E32C5BE26A52767006A9C90 /* Component */ = {
			isa = PBXGroup;
			children = (
				9E32C5BF26A52767006A9C90 /* UICheckBox */,
				9E32C5C126A52767006A9C90 /* UIComponentMouseEvent.cpp */,
				9E32C5C226A52767006A9C90 /* UIButton */,
				9E32C5C426A52767006A9C90 /* UIToggleButton */,
				9E32C5C626A52767006A9C90 /* UIView */,
				9E32C5C826A52767006A9C90 /* UIText */,
				9E32C5CA26A52767006A9C90 /* UIVStackView */,
				9E32C5CC26A52767006A9C90 /* UIIcon */,
				9E32C5CE26A52767006A9C90 /* UICircle */,
				9E32C5D026A52767006A9C90 /* UIImageView */,
				9E32C5D326A52767006A9C90 /* UIRect */,
				9E32C5D526A52767006A9C90 /* New Group */,
				9E32C5D626A52767006A9C90 /* UIComponent.cpp */,
				9E32C5D726A52767006A9C90 /* UIInputField */,
				9E32C5D926A52767006A9C90 /* UISlider */,
			);
			path = Component;
			sourceTree = "<group>";
		};
		9E32C5BF26A52767006A9C90 /* UICheckBox */ = {
			isa = PBXGroup;
			children = (
				9E32C5C026A52767006A9C90 /* UICheckBox.cpp */,
			);
			path = UICheckBox;
			sourceTree = "<group>";
		};
		9E32C5C226A52767006A9C90 /* UIButton */ = {
			isa = PBXGroup;
			children = (
				9E32C5C326A52767006A9C90 /* UIButton.cpp */,
			);
			path = UIButton;
			sourceTree = "<group>";
		};
		9E32C5C426A52767006A9C90 /* UIToggleButton */ = {
			isa = PBXGroup;
			children = (
				9E32C5C526A52767006A9C90 /* UIToggleButton.cpp */,
			);
			path = UIToggleButton;
			sourceTree = "<group>";
		};
		9E32C5C626A52767006A9C90 /* UIView */ = {
			isa = PBXGroup;
			children = (
				9E32C5C726A52767006A9C90 /* UIView.cpp */,
			);
			path = UIView;
			sourceTree = "<group>";
		};
		9E32C5C826A52767006A9C90 /* UIText */ = {
			isa = PBXGroup;
			children = (
				9E32C5C926A52767006A9C90 /* UIText.cpp */,
			);
			path = UIText;
			sourceTree = "<group>";
		};
		9E32C5CA26A52767006A9C90 /* UIVStackView */ = {
			isa = PBXGroup;
			children = (
				9E32C5CB26A52767006A9C90 /* UIVStackView.cpp */,
			);
			path = UIVStackView;
			sourceTree = "<group>";
		};
		9E32C5CC26A52767006A9C90 /* UIIcon */ = {
			isa = PBXGroup;
			children = (
				9E32C5CD26A52767006A9C90 /* UIIcon.cpp */,
			);
			path = UIIcon;
			sourceTree = "<group>";
		};
		9E32C5CE26A52767006A9C90 /* UICircle */ = {
			isa = PBXGroup;
			children = (
				9E32C5CF26A52767006A9C90 /* UICircle.cpp */,
			);
			path = UICircle;
			sourceTree = "<group>";
		};
		9E32C5D026A52767006A9C90 /* UIImageView */ = {
			isa = PBXGroup;
			children = (
				9E32C5D126A52767006A9C90 /* UIZStackedImageView.cpp */,
				9E32C5D226A52767006A9C90 /* UIImageView.cpp */,
			);
			path = UIImageView;
			sourceTree = "<group>";
		};
		9E32C5D326A52767006A9C90 /* UIRect */ = {
			isa = PBXGroup;
			children = (
				9E32C5D426A52767006A9C90 /* UIRect.cpp */,
			);
			path = UIRect;
			sourceTree = "<group>";
		};
		9E32C5D526A52767006A9C90 /* New Group */ = {
			isa = PBXGroup;
			children = (
			);
			path = "New Group";
			sourceTree = "<group>";
		};
		9E32C5D726A52767006A9C90 /* UIInputField */ = {
			isa = PBXGroup;
			children = (
				9E32C5D826A52767006A9C90 /* UIInputField.cpp */,
			);
			path = UIInputField;
			sourceTree = "<group>";
		};
		9E32C5D926A52767006A9C90 /* UISlider */ = {
			isa = PBXGroup;
			children = (
				9E32C5DA26A52767006A9C90 /* UISlider.cpp */,
			);
			path = UISlider;
			sourceTree = "<group>";
		};
		9E32C5DB26A52767006A9C90 /* Layer */ = {
			isa = PBXGroup;
			children = (
				9E32C5DC26A52767006A9C90 /* Layer.cpp */,
			);
			path = Layer;
			sourceTree = "<group>";
		};
		9E32C5DD26A52767006A9C90 /* Font */ = {
			isa = PBXGroup;
			children = (
				9E32C5DE26A52767006A9C90 /* UnifiedFont.cpp */,
			);
			path = Font;
			sourceTree = "<group>";
		};
		9E32C5DF26A52767006A9C90 /* Constraint */ = {
			isa = PBXGroup;
			children = (
				9E32C5E026A52767006A9C90 /* Constraint.cpp */,
			);
			path = Constraint;
			sourceTree = "<group>";
		};
		9E32C5E126A52767006A9C90 /* include */ = {
			isa = PBXGroup;
			children = (
				9E32C5E226A52767006A9C90 /* GUIKit */,
			);
			path = include;
			sourceTree = "<group>";
		};
		9E32C5E226A52767006A9C90 /* GUIKit */ = {
			isa = PBXGroup;
			children = (
				9E32C5E326A52767006A9C90 /* Page.h */,
				9E32C5E426A52767006A9C90 /* WindowManager.h */,
				9E32C5E526A52767006A9C90 /* UIComponent.h */,
				9E32C5E626A52767006A9C90 /* UIRect.h */,
				9E32C5E726A52767006A9C90 /* UnifiedFont.h */,
				9E32C5E826A52767006A9C90 /* Layer.h */,
				9E32C5E926A52767006A9C90 /* UICircle.h */,
				9E32C5EA26A52767006A9C90 /* GUIKitCore.h */,
				9E32C5EB26A52767006A9C90 /* GUIKit.h */,
				9E32C5EC26A52767006A9C90 /* UICheckBox.h */,
				9E32C5ED26A52767006A9C90 /* UIToggleButton.h */,
				9E32C5EE26A52767006A9C90 /* UIVStackView.h */,
				9E32C5EF26A52767006A9C90 /* ColorTheme.h */,
				9E32C5F026A52767006A9C90 /* Imaging.h */,
				9E32C5F126A52767006A9C90 /* UIText.h */,
				9E32C5F226A52767006A9C90 /* Constraint.h */,
				9E32C5F326A52767006A9C90 /* PixelUnit.h */,
				9E32C5F426A52767006A9C90 /* UIImageView.h */,
				9E32C5F526A52767006A9C90 /* MouseEvent.h */,
				9E32C5F626A52767006A9C90 /* UIZStackedImageView.h */,
				9E32C5F726A52767006A9C90 /* UIButton.h */,
				9E32C5F826A52767006A9C90 /* UIView.h */,
				9E32C5F926A52767006A9C90 /* DynamicColor.h */,
				9E32C5FA26A52767006A9C90 /* UIInputField.h */,
				9E32C5FB26A52767006A9C90 /* GUIFactory.h */,
				9E32C5FC26A52767006A9C90 /* Timeout.h */,
				9E32C5FD26A52767006A9C90 /* InputEventHandler.h */,
				9E32C5FE26A52767006A9C90 /* InputEvent.h */,
				9E32C5FF26A52767006A9C90 /* UISlider.h */,
				9E32C60026A52767006A9C90 /* UIIcon.h */,
			);
			path = GUIKit;
			sourceTree = "<group>";
		};
		9E83801A2679E3D50052AF7B = {
			isa = PBXGroup;
			children = (
				9E8381652679FDEF0052AF7B /* GUIKit */,
				9E8380242679E3D50052AF7B /* Products */,
			);
			sourceTree = "<group>";
		};
		9E8380242679E3D50052AF7B /* Products */ = {
			isa = PBXGroup;
			children = (
				9E8380232679E3D50052AF7B /* libOpenSiv3D-GUIKit.a */,
			);
			name = Products;
			sourceTree = "<group>";
		};
		9E8381652679FDEF0052AF7B /* GUIKit */ = {
			isa = PBXGroup;
			children = (
				9E32C5E126A52767006A9C90 /* include */,
				9E32C5AB26A52767006A9C90 /* src */,
			);
			name = GUIKit;
			path = ../GUIKit;
			sourceTree = "<group>";
		};
/* End PBXGroup section */

/* Begin PBXHeadersBuildPhase section */
		9E83801F2679E3D50052AF7B /* Headers */ = {
			isa = PBXHeadersBuildPhase;
			buildActionMask = 2147483647;
			files = (
				9E32C63726A52767006A9C90 /* InputEvent.h in Headers */,
				9E32C62326A52767006A9C90 /* GUIKitCore.h in Headers */,
				9E32C63226A52767006A9C90 /* DynamicColor.h in Headers */,
				9E32C62126A52767006A9C90 /* Layer.h in Headers */,
				9E32C62226A52767006A9C90 /* UICircle.h in Headers */,
				9E32C61D26A52767006A9C90 /* WindowManager.h in Headers */,
				9E32C63626A52767006A9C90 /* InputEventHandler.h in Headers */,
				9E32C61C26A52767006A9C90 /* Page.h in Headers */,
				9E32C62426A52767006A9C90 /* GUIKit.h in Headers */,
				9E32C61F26A52767006A9C90 /* UIRect.h in Headers */,
				9E32C62B26A52767006A9C90 /* Constraint.h in Headers */,
				9E32C62F26A52767006A9C90 /* UIZStackedImageView.h in Headers */,
				9E32C62626A52767006A9C90 /* UIToggleButton.h in Headers */,
				9E32C62526A52767006A9C90 /* UICheckBox.h in Headers */,
				9E32C62826A52767006A9C90 /* ColorTheme.h in Headers */,
				9E32C63426A52767006A9C90 /* GUIFactory.h in Headers */,
				9E32C62C26A52767006A9C90 /* PixelUnit.h in Headers */,
				9E32C63926A52767006A9C90 /* UIIcon.h in Headers */,
				9E32C63326A52767006A9C90 /* UIInputField.h in Headers */,
				9E32C62726A52767006A9C90 /* UIVStackView.h in Headers */,
				9E32C63826A52767006A9C90 /* UISlider.h in Headers */,
				9E32C62926A52767006A9C90 /* Imaging.h in Headers */,
				9E32C61E26A52767006A9C90 /* UIComponent.h in Headers */,
				9E32C62E26A52767006A9C90 /* MouseEvent.h in Headers */,
				9E32C63526A52767006A9C90 /* Timeout.h in Headers */,
				9E32C63026A52767006A9C90 /* UIButton.h in Headers */,
				9E32C62D26A52767006A9C90 /* UIImageView.h in Headers */,
				9E32C62026A52767006A9C90 /* UnifiedFont.h in Headers */,
				9E32C62A26A52767006A9C90 /* UIText.h in Headers */,
				9E32C63126A52767006A9C90 /* UIView.h in Headers */,
			);
			runOnlyForDeploymentPostprocessing = 0;
		};
/* End PBXHeadersBuildPhase section */

/* Begin PBXNativeTarget section */
		9E8380222679E3D50052AF7B /* OpenSiv3D-GUIKit */ = {
			isa = PBXNativeTarget;
			buildConfigurationList = 9E83802E2679E3D50052AF7B /* Build configuration list for PBXNativeTarget "OpenSiv3D-GUIKit" */;
			buildPhases = (
				9E83801F2679E3D50052AF7B /* Headers */,
				9E8380202679E3D50052AF7B /* Sources */,
				9E8380212679E3D50052AF7B /* Frameworks */,
			);
			buildRules = (
			);
			dependencies = (
			);
			name = "OpenSiv3D-GUIKit";
			productName = "OpenSiv3D-GUIKit";
			productReference = 9E8380232679E3D50052AF7B /* libOpenSiv3D-GUIKit.a */;
			productType = "com.apple.product-type.library.static";
		};
/* End PBXNativeTarget section */

/* Begin PBXProject section */
		9E83801B2679E3D50052AF7B /* Project object */ = {
			isa = PBXProject;
			attributes = {
				LastUpgradeCheck = 1250;
				TargetAttributes = {
					9E8380222679E3D50052AF7B = {
						CreatedOnToolsVersion = 12.5;
					};
				};
			};
			buildConfigurationList = 9E83801E2679E3D50052AF7B /* Build configuration list for PBXProject "OpenSiv3D-GUIKit" */;
			compatibilityVersion = "Xcode 9.3";
			developmentRegion = en;
			hasScannedForEncodings = 0;
			knownRegions = (
				en,
				Base,
			);
			mainGroup = 9E83801A2679E3D50052AF7B;
			productRefGroup = 9E8380242679E3D50052AF7B /* Products */;
			projectDirPath = "";
			projectRoot = "";
			targets = (
				9E8380222679E3D50052AF7B /* OpenSiv3D-GUIKit */,
			);
		};
/* End PBXProject section */

/* Begin PBXSourcesBuildPhase section */
		9E8380202679E3D50052AF7B /* Sources */ = {
			isa = PBXSourcesBuildPhase;
			buildActionMask = 2147483647;
			files = (
				9E32C60826A52767006A9C90 /* Imaging.cpp in Sources */,
				9E32C60226A52767006A9C90 /* PixelUnit.cpp in Sources */,
				9E32C60E26A52767006A9C90 /* UIView.cpp in Sources */,
				9E32C60A26A52767006A9C90 /* UICheckBox.cpp in Sources */,
				9E32C60426A52767006A9C90 /* GUIKitCore.cpp in Sources */,
				9E32C61226A52767006A9C90 /* UICircle.cpp in Sources */,
				9E32C60D26A52767006A9C90 /* UIToggleButton.cpp in Sources */,
				9E32C61026A52767006A9C90 /* UIVStackView.cpp in Sources */,
				9E32C61426A52767006A9C90 /* UIImageView.cpp in Sources */,
				9E32C61126A52767006A9C90 /* UIIcon.cpp in Sources */,
				9E32C60526A52767006A9C90 /* WindowManager.cpp in Sources */,
				9E32C60726A52767006A9C90 /* ColorTheme.cpp in Sources */,
				9E32C61526A52767006A9C90 /* UIRect.cpp in Sources */,
				9E32C61B26A52767006A9C90 /* Constraint.cpp in Sources */,
				9E32C61326A52767006A9C90 /* UIZStackedImageView.cpp in Sources */,
				9E32C61926A52767006A9C90 /* Layer.cpp in Sources */,
				9E32C61A26A52767006A9C90 /* UnifiedFont.cpp in Sources */,
				9E32C60626A52767006A9C90 /* Timeout.cpp in Sources */,
				9E32C60C26A52767006A9C90 /* UIButton.cpp in Sources */,
				9E32C60126A52767006A9C90 /* Page.cpp in Sources */,
				9E32C60926A52767006A9C90 /* GUIFactory.cpp in Sources */,
				9E32C60F26A52767006A9C90 /* UIText.cpp in Sources */,
				9E32C61626A52767006A9C90 /* UIComponent.cpp in Sources */,
				9E32C60326A52767006A9C90 /* GUIKitLifeCycle.cpp in Sources */,
				9E32C60B26A52767006A9C90 /* UIComponentMouseEvent.cpp in Sources */,
				9E32C61826A52767006A9C90 /* UISlider.cpp in Sources */,
				9E32C61726A52767006A9C90 /* UIInputField.cpp in Sources */,
			);
			runOnlyForDeploymentPostprocessing = 0;
		};
/* End PBXSourcesBuildPhase section */

/* Begin XCBuildConfiguration section */
		9E83802C2679E3D50052AF7B /* Debug */ = {
			isa = XCBuildConfiguration;
			buildSettings = {
				ALWAYS_SEARCH_USER_PATHS = NO;
				CLANG_ANALYZER_NONNULL = YES;
				CLANG_ANALYZER_NUMBER_OBJECT_CONVERSION = YES_AGGRESSIVE;
				CLANG_CXX_LANGUAGE_STANDARD = "c++17";
				CLANG_CXX_LIBRARY = "libc++";
				CLANG_ENABLE_MODULES = YES;
				CLANG_ENABLE_OBJC_ARC = YES;
				CLANG_ENABLE_OBJC_WEAK = YES;
				CLANG_WARN_BLOCK_CAPTURE_AUTORELEASING = YES;
				CLANG_WARN_BOOL_CONVERSION = YES;
				CLANG_WARN_COMMA = YES;
				CLANG_WARN_CONSTANT_CONVERSION = YES;
				CLANG_WARN_DEPRECATED_OBJC_IMPLEMENTATIONS = YES;
				CLANG_WARN_DIRECT_OBJC_ISA_USAGE = YES_ERROR;
				CLANG_WARN_DOCUMENTATION_COMMENTS = YES;
				CLANG_WARN_EMPTY_BODY = YES;
				CLANG_WARN_ENUM_CONVERSION = YES;
				CLANG_WARN_INFINITE_RECURSION = YES;
				CLANG_WARN_INT_CONVERSION = YES;
				CLANG_WARN_NON_LITERAL_NULL_CONVERSION = YES;
				CLANG_WARN_OBJC_IMPLICIT_RETAIN_SELF = YES;
				CLANG_WARN_OBJC_LITERAL_CONVERSION = YES;
				CLANG_WARN_OBJC_ROOT_CLASS = YES_ERROR;
				CLANG_WARN_QUOTED_INCLUDE_IN_FRAMEWORK_HEADER = YES;
				CLANG_WARN_RANGE_LOOP_ANALYSIS = YES;
				CLANG_WARN_STRICT_PROTOTYPES = YES;
				CLANG_WARN_SUSPICIOUS_MOVE = YES;
				CLANG_WARN_UNGUARDED_AVAILABILITY = YES_AGGRESSIVE;
				CLANG_WARN_UNREACHABLE_CODE = YES;
				CLANG_WARN__DUPLICATE_METHOD_MATCH = YES;
				COPY_PHASE_STRIP = NO;
				DEBUG_INFORMATION_FORMAT = dwarf;
				ENABLE_STRICT_OBJC_MSGSEND = YES;
				ENABLE_TESTABILITY = YES;
				EXCLUDED_ARCHS = arm64;
				GCC_C_LANGUAGE_STANDARD = gnu11;
				GCC_DYNAMIC_NO_PIC = NO;
				GCC_NO_COMMON_BLOCKS = YES;
				GCC_OPTIMIZATION_LEVEL = 0;
				GCC_PREPROCESSOR_DEFINITIONS = (
					"DEBUG=1",
					"$(inherited)",
				);
				GCC_WARN_64_TO_32_BIT_CONVERSION = YES;
				GCC_WARN_ABOUT_RETURN_TYPE = YES_ERROR;
				GCC_WARN_UNDECLARED_SELECTOR = YES;
				GCC_WARN_UNINITIALIZED_AUTOS = YES_AGGRESSIVE;
				GCC_WARN_UNUSED_FUNCTION = YES;
				GCC_WARN_UNUSED_VARIABLE = YES;
				MACOSX_DEPLOYMENT_TARGET = 11.2;
				MTL_ENABLE_DEBUG_INFO = INCLUDE_SOURCE;
				MTL_FAST_MATH = YES;
				ONLY_ACTIVE_ARCH = YES;
				SDKROOT = macosx;
			};
			name = Debug;
		};
		9E83802D2679E3D50052AF7B /* Release */ = {
			isa = XCBuildConfiguration;
			buildSettings = {
				ALWAYS_SEARCH_USER_PATHS = NO;
				CLANG_ANALYZER_NONNULL = YES;
				CLANG_ANALYZER_NUMBER_OBJECT_CONVERSION = YES_AGGRESSIVE;
				CLANG_CXX_LANGUAGE_STANDARD = "c++17";
				CLANG_CXX_LIBRARY = "libc++";
				CLANG_ENABLE_MODULES = YES;
				CLANG_ENABLE_OBJC_ARC = YES;
				CLANG_ENABLE_OBJC_WEAK = YES;
				CLANG_WARN_BLOCK_CAPTURE_AUTORELEASING = YES;
				CLANG_WARN_BOOL_CONVERSION = YES;
				CLANG_WARN_COMMA = YES;
				CLANG_WARN_CONSTANT_CONVERSION = YES;
				CLANG_WARN_DEPRECATED_OBJC_IMPLEMENTATIONS = YES;
				CLANG_WARN_DIRECT_OBJC_ISA_USAGE = YES_ERROR;
				CLANG_WARN_DOCUMENTATION_COMMENTS = YES;
				CLANG_WARN_EMPTY_BODY = YES;
				CLANG_WARN_ENUM_CONVERSION = YES;
				CLANG_WARN_INFINITE_RECURSION = YES;
				CLANG_WARN_INT_CONVERSION = YES;
				CLANG_WARN_NON_LITERAL_NULL_CONVERSION = YES;
				CLANG_WARN_OBJC_IMPLICIT_RETAIN_SELF = YES;
				CLANG_WARN_OBJC_LITERAL_CONVERSION = YES;
				CLANG_WARN_OBJC_ROOT_CLASS = YES_ERROR;
				CLANG_WARN_QUOTED_INCLUDE_IN_FRAMEWORK_HEADER = YES;
				CLANG_WARN_RANGE_LOOP_ANALYSIS = YES;
				CLANG_WARN_STRICT_PROTOTYPES = YES;
				CLANG_WARN_SUSPICIOUS_MOVE = YES;
				CLANG_WARN_UNGUARDED_AVAILABILITY = YES_AGGRESSIVE;
				CLANG_WARN_UNREACHABLE_CODE = YES;
				CLANG_WARN__DUPLICATE_METHOD_MATCH = YES;
				COPY_PHASE_STRIP = NO;
				DEBUG_INFORMATION_FORMAT = "dwarf-with-dsym";
				ENABLE_NS_ASSERTIONS = NO;
				ENABLE_STRICT_OBJC_MSGSEND = YES;
				EXCLUDED_ARCHS = arm64;
				GCC_C_LANGUAGE_STANDARD = gnu11;
				GCC_NO_COMMON_BLOCKS = YES;
				GCC_WARN_64_TO_32_BIT_CONVERSION = YES;
				GCC_WARN_ABOUT_RETURN_TYPE = YES_ERROR;
				GCC_WARN_UNDECLARED_SELECTOR = YES;
				GCC_WARN_UNINITIALIZED_AUTOS = YES_AGGRESSIVE;
				GCC_WARN_UNUSED_FUNCTION = YES;
				GCC_WARN_UNUSED_VARIABLE = YES;
				MACOSX_DEPLOYMENT_TARGET = 11.2;
				MTL_ENABLE_DEBUG_INFO = NO;
				MTL_FAST_MATH = YES;
				SDKROOT = macosx;
			};
			name = Release;
		};
		9E83802F2679E3D50052AF7B /* Debug */ = {
			isa = XCBuildConfiguration;
			buildSettings = {
				CODE_SIGN_STYLE = Automatic;
				DEPLOYMENT_LOCATION = NO;
				DEVELOPMENT_TEAM = 35AQWMZRAP;
				EXECUTABLE_PREFIX = lib;
				GCC_ENABLE_CPP_EXCEPTIONS = YES;
				GCC_ENABLE_CPP_RTTI = YES;
				HEADER_SEARCH_PATHS = (
					"../Dependencies/include/**",
					../GUIKit/include,
				);
				MACOSX_DEPLOYMENT_TARGET = 10.14;
				OBJROOT = build;
				PRODUCT_NAME = "$(TARGET_NAME)";
				SKIP_INSTALL = YES;
				SYMROOT = build;
			};
			name = Debug;
		};
		9E8380302679E3D50052AF7B /* Release */ = {
			isa = XCBuildConfiguration;
			buildSettings = {
				CODE_SIGN_STYLE = Automatic;
				DEPLOYMENT_LOCATION = NO;
				DEVELOPMENT_TEAM = 35AQWMZRAP;
				EXECUTABLE_PREFIX = lib;
				GCC_ENABLE_CPP_EXCEPTIONS = YES;
				GCC_ENABLE_CPP_RTTI = YES;
				HEADER_SEARCH_PATHS = (
					"../Dependencies/include/**",
					../GUIKit/include,
				);
				MACOSX_DEPLOYMENT_TARGET = 10.14;
				OBJROOT = build;
				PRODUCT_NAME = "$(TARGET_NAME)";
				SKIP_INSTALL = YES;
				SYMROOT = build;
			};
			name = Release;
		};
/* End XCBuildConfiguration section */

/* Begin XCConfigurationList section */
		9E83801E2679E3D50052AF7B /* Build configuration list for PBXProject "OpenSiv3D-GUIKit" */ = {
			isa = XCConfigurationList;
			buildConfigurations = (
				9E83802C2679E3D50052AF7B /* Debug */,
				9E83802D2679E3D50052AF7B /* Release */,
			);
			defaultConfigurationIsVisible = 0;
			defaultConfigurationName = Release;
		};
		9E83802E2679E3D50052AF7B /* Build configuration list for PBXNativeTarget "OpenSiv3D-GUIKit" */ = {
			isa = XCConfigurationList;
			buildConfigurations = (
				9E83802F2679E3D50052AF7B /* Debug */,
				9E8380302679E3D50052AF7B /* Release */,
			);
			defaultConfigurationIsVisible = 0;
			defaultConfigurationName = Release;
		};
/* End XCConfigurationList section */
	};
	rootObject = 9E83801B2679E3D50052AF7B /* Project object */;
}
